// !$*UTF8*$!
{
	archiveVersion = 1;
	classes = {
	};
	objectVersion = 56;
	objects = {

/* Begin PBXBuildFile section */
		440BE63D2CE7994000B01C1B /* QuizViewModel.swift in Sources */ = {isa = PBXBuildFile; fileRef = 440BE63C2CE7994000B01C1B /* QuizViewModel.swift */; };
		440BE63F2CE7998E00B01C1B /* IntervalTouchKeyboardView.swift in Sources */ = {isa = PBXBuildFile; fileRef = 440BE63E2CE7998E00B01C1B /* IntervalTouchKeyboardView.swift */; };
		440BE6422CE799B500B01C1B /* IntervalPair.swift in Sources */ = {isa = PBXBuildFile; fileRef = 440BE6412CE799B500B01C1B /* IntervalPair.swift */; };
		440BE6452CE799DB00B01C1B /* IntervalTouchKeyboardViewModel.swift in Sources */ = {isa = PBXBuildFile; fileRef = 440BE6442CE799DB00B01C1B /* IntervalTouchKeyboardViewModel.swift */; };
		440BE6472CE79FA900B01C1B /* ReadOnlyTextFieldRPView.swift in Sources */ = {isa = PBXBuildFile; fileRef = 440BE6462CE79FA900B01C1B /* ReadOnlyTextFieldRPView.swift */; };
		440BE6492CEA282F00B01C1B /* FontManager.swift in Sources */ = {isa = PBXBuildFile; fileRef = 440BE6482CEA282F00B01C1B /* FontManager.swift */; };
		440BE64C2CEA285600B01C1B /* Musiqwik.ttf in Resources */ = {isa = PBXBuildFile; fileRef = 440BE64B2CEA285600B01C1B /* Musiqwik.ttf */; };
		440BE64E2CEA28F100B01C1B /* MusiqwikView.swift in Sources */ = {isa = PBXBuildFile; fileRef = 440BE64D2CEA28F100B01C1B /* MusiqwikView.swift */; };
		446300292CFB807800C33BCB /* StatsViewModel.swift in Sources */ = {isa = PBXBuildFile; fileRef = 446300282CFB807800C33BCB /* StatsViewModel.swift */; };
		4463002C2CFC2C6900C33BCB /* Int+.swift in Sources */ = {isa = PBXBuildFile; fileRef = 4463002B2CFC2C6900C33BCB /* Int+.swift */; };
		4463002E2CFC30E500C33BCB /* MailRPView.swift in Sources */ = {isa = PBXBuildFile; fileRef = 4463002D2CFC30E500C33BCB /* MailRPView.swift */; };
		446300302CFC336C00C33BCB /* UIDevice+.swift in Sources */ = {isa = PBXBuildFile; fileRef = 4463002F2CFC336C00C33BCB /* UIDevice+.swift */; };
		446300322CFCABE100C33BCB /* Double.swift in Sources */ = {isa = PBXBuildFile; fileRef = 446300312CFCABE100C33BCB /* Double.swift */; };
		446300342CFD8C3B00C33BCB /* Filter.swift in Sources */ = {isa = PBXBuildFile; fileRef = 446300332CFD8C3B00C33BCB /* Filter.swift */; };
		446300362CFD8C5F00C33BCB /* SolvingStatus.swift in Sources */ = {isa = PBXBuildFile; fileRef = 446300352CFD8C5F00C33BCB /* SolvingStatus.swift */; };
		4463003B2CFDDA1300C33BCB /* BarChartData.swift in Sources */ = {isa = PBXBuildFile; fileRef = 4463003A2CFDDA1300C33BCB /* BarChartData.swift */; };
		4463003F2CFE12FC00C33BCB /* String+.swift in Sources */ = {isa = PBXBuildFile; fileRef = 4463003E2CFE12FC00C33BCB /* String+.swift */; };
		446300422CFE15CC00C33BCB /* Localizable.strings in Resources */ = {isa = PBXBuildFile; fileRef = 446300402CFE15CC00C33BCB /* Localizable.strings */; };
		4469E8CC2CEA298100CC506C /* IntervalModifier.swift in Sources */ = {isa = PBXBuildFile; fileRef = 4469E8CB2CEA298100CC506C /* IntervalModifier.swift */; };
		4469E8CE2CEA2D0D00CC506C /* Clef.swift in Sources */ = {isa = PBXBuildFile; fileRef = 4469E8CD2CEA2D0D00CC506C /* Clef.swift */; };
		4469E8D12CEA305700CC506C /* HasMusiqwikText.swift in Sources */ = {isa = PBXBuildFile; fileRef = 4469E8D02CEA305700CC506C /* HasMusiqwikText.swift */; };
		4469E8D32CEA327300CC506C /* IntervalPairDirection.swift in Sources */ = {isa = PBXBuildFile; fileRef = 4469E8D22CEA327200CC506C /* IntervalPairDirection.swift */; };
		4469E8D62CEA374800CC506C /* Tonic.Note+.swift in Sources */ = {isa = PBXBuildFile; fileRef = 4469E8D52CEA374800CC506C /* Tonic.Note+.swift */; };
		4469E8D82CEB920600CC506C /* MainTabBarView.swift in Sources */ = {isa = PBXBuildFile; fileRef = 4469E8D72CEB920600CC506C /* MainTabBarView.swift */; };
		4469E8DA2CEB92DE00CC506C /* SettingView.swift in Sources */ = {isa = PBXBuildFile; fileRef = 4469E8D92CEB92DE00CC506C /* SettingView.swift */; };
		44753C4C2D4C979B003F82FA /* LocalNotiManager.swift in Sources */ = {isa = PBXBuildFile; fileRef = 44753C4B2D4C9796003F82FA /* LocalNotiManager.swift */; };
		448A3D422CF8B0CC00D0D758 /* Persistence.swift in Sources */ = {isa = PBXBuildFile; fileRef = 448A3D412CF8B0CC00D0D758 /* Persistence.swift */; };
		448A3D452CF8B12900D0D758 /* MusicIntervalQuizMaster.xcdatamodeld in Sources */ = {isa = PBXBuildFile; fileRef = 448A3D432CF8B12900D0D758 /* MusicIntervalQuizMaster.xcdatamodeld */; };
		448A3D4D2CF9D91100D0D758 /* QuestionRecord.swift in Sources */ = {isa = PBXBuildFile; fileRef = 448A3D4C2CF9D91100D0D758 /* QuestionRecord.swift */; };
		448A3D4F2CF9EBD800D0D758 /* QuizAnswerMode.swift in Sources */ = {isa = PBXBuildFile; fileRef = 448A3D4E2CF9EBD800D0D758 /* QuizAnswerMode.swift */; };
		448A3D512CFA0D7300D0D758 /* QuizSession.swift in Sources */ = {isa = PBXBuildFile; fileRef = 448A3D502CFA0D7300D0D758 /* QuizSession.swift */; };
		448A3D532CFA133F00D0D758 /* QuizAttempt.swift in Sources */ = {isa = PBXBuildFile; fileRef = 448A3D522CFA133F00D0D758 /* QuizAttempt.swift */; };
		448A3D572CFADC9B00D0D758 /* ColorScheme+.swift in Sources */ = {isa = PBXBuildFile; fileRef = 448A3D562CFADC9B00D0D758 /* ColorScheme+.swift */; };
		448A3D592CFAE2C400D0D758 /* ForMacStepper.swift in Sources */ = {isa = PBXBuildFile; fileRef = 448A3D582CFAE2C400D0D758 /* ForMacStepper.swift */; };
		448A3D5B2CFB637D00D0D758 /* QuizSessionManager.swift in Sources */ = {isa = PBXBuildFile; fileRef = 448A3D5A2CFB637D00D0D758 /* QuizSessionManager.swift */; };
		448A3D5D2CFB689600D0D758 /* Stat.swift in Sources */ = {isa = PBXBuildFile; fileRef = 448A3D5C2CFB689600D0D758 /* Stat.swift */; };
		448C64E02CF86122006D81BD /* MoreInfoView.swift in Sources */ = {isa = PBXBuildFile; fileRef = 448C64DF2CF86122006D81BD /* MoreInfoView.swift */; };
		448C64E22CF873D3006D81BD /* TutorialGuideView.swift in Sources */ = {isa = PBXBuildFile; fileRef = 448C64E12CF873D3006D81BD /* TutorialGuideView.swift */; };
		448C64E42CF874EA006D81BD /* LicenseView.swift in Sources */ = {isa = PBXBuildFile; fileRef = 448C64E32CF874EA006D81BD /* LicenseView.swift */; };
		448C64EB2CF883F0006D81BD /* ChartView.swift in Sources */ = {isa = PBXBuildFile; fileRef = 448C64EA2CF883F0006D81BD /* ChartView.swift */; };
		448C64ED2CF88623006D81BD /* StatsView.swift in Sources */ = {isa = PBXBuildFile; fileRef = 448C64EC2CF88623006D81BD /* StatsView.swift */; };
		448C64EE2CF88785006D81BD /* QuizView.swift in Sources */ = {isa = PBXBuildFile; fileRef = 44C4CEF42C8C47A80092C452 /* QuizView.swift */; };
		449FE4862CFF550C00A8D840 /* ImageSlideView.swift in Sources */ = {isa = PBXBuildFile; fileRef = 449FE4852CFF550C00A8D840 /* ImageSlideView.swift */; };
		44A739EB2D0002210042A620 /* AppStoreScreenshotsView.swift in Sources */ = {isa = PBXBuildFile; fileRef = 44A739EA2D0002210042A620 /* AppStoreScreenshotsView.swift */; };
		44A739ED2D0037EA0042A620 /* PrivacyInfo.xcprivacy in Resources */ = {isa = PBXBuildFile; fileRef = 44A739EC2D0037EA0042A620 /* PrivacyInfo.xcprivacy */; };
		44B4B8E92CEB9D7400D344B6 /* Tonic in Frameworks */ = {isa = PBXBuildFile; productRef = 44B4B8E82CEB9D7400D344B6 /* Tonic */; };
		44B4B8EC2CEBA12300D344B6 /* IntervalTypeSelectSettingView.swift in Sources */ = {isa = PBXBuildFile; fileRef = 44B4B8EB2CEBA12300D344B6 /* IntervalTypeSelectSettingView.swift */; };
		44B4B8EE2CEBA39400D344B6 /* GlobalVariables.swift in Sources */ = {isa = PBXBuildFile; fileRef = 44B4B8ED2CEBA39400D344B6 /* GlobalVariables.swift */; };
		44B4B8F02CECADAB00D344B6 /* UserDefaults+.swift in Sources */ = {isa = PBXBuildFile; fileRef = 44B4B8EF2CECADAB00D344B6 /* UserDefaults+.swift */; };
		44C4CEF32C8C47A80092C452 /* MusicIntervalQuizMasterApp.swift in Sources */ = {isa = PBXBuildFile; fileRef = 44C4CEF22C8C47A80092C452 /* MusicIntervalQuizMasterApp.swift */; };
		44C4CEF72C8C47A90092C452 /* Assets.xcassets in Resources */ = {isa = PBXBuildFile; fileRef = 44C4CEF62C8C47A90092C452 /* Assets.xcassets */; };
		44C4CEFA2C8C47A90092C452 /* Preview Assets.xcassets in Resources */ = {isa = PBXBuildFile; fileRef = 44C4CEF92C8C47A90092C452 /* Preview Assets.xcassets */; };
		44D6F1EE2CECB34D00B91BBA /* SettingViewModel.swift in Sources */ = {isa = PBXBuildFile; fileRef = 44D6F1ED2CECB34D00B91BBA /* SettingViewModel.swift */; };
		44D6F1F82CEF73A400B91BBA /* MusicIntervalQuizMasterTests.swift in Sources */ = {isa = PBXBuildFile; fileRef = 44D6F1F72CEF73A400B91BBA /* MusicIntervalQuizMasterTests.swift */; };
		44D6F1FF2CEF78A200B91BBA /* Tonic.Letter+.swift in Sources */ = {isa = PBXBuildFile; fileRef = 44D6F1FE2CEF78A200B91BBA /* Tonic.Letter+.swift */; };
		44D6F2672CF2324F00B91BBA /* SoundManager.swift in Sources */ = {isa = PBXBuildFile; fileRef = 44D6F2662CF2324F00B91BBA /* SoundManager.swift */; };
		44D6F26A2CF2392900B91BBA /* EmbossedButtonStyle.swift in Sources */ = {isa = PBXBuildFile; fileRef = 44D6F2692CF2392900B91BBA /* EmbossedButtonStyle.swift */; };
		44D6F29D2CF245E300B91BBA /* Piano_BPM60_4B2E_78.mp3 in Resources */ = {isa = PBXBuildFile; fileRef = 44D6F26B2CF245E100B91BBA /* Piano_BPM60_4B2E_78.mp3 */; };
		44D6F29E2CF245E300B91BBA /* Piano_BPM60_4B2E_64.mp3 in Resources */ = {isa = PBXBuildFile; fileRef = 44D6F26C2CF245E100B91BBA /* Piano_BPM60_4B2E_64.mp3 */; };
		44D6F29F2CF245E300B91BBA /* Piano_BPM60_4B2E_34.mp3 in Resources */ = {isa = PBXBuildFile; fileRef = 44D6F26D2CF245E100B91BBA /* Piano_BPM60_4B2E_34.mp3 */; };
		44D6F2A02CF245E300B91BBA /* Piano_BPM60_4B2E_39.mp3 in Resources */ = {isa = PBXBuildFile; fileRef = 44D6F26E2CF245E100B91BBA /* Piano_BPM60_4B2E_39.mp3 */; };
		44D6F2A12CF245E300B91BBA /* Piano_BPM60_4B2E_47.mp3 in Resources */ = {isa = PBXBuildFile; fileRef = 44D6F26F2CF245E100B91BBA /* Piano_BPM60_4B2E_47.mp3 */; };
		44D6F2A22CF245E300B91BBA /* Piano_BPM60_4B2E_75.mp3 in Resources */ = {isa = PBXBuildFile; fileRef = 44D6F2702CF245E100B91BBA /* Piano_BPM60_4B2E_75.mp3 */; };
		44D6F2A32CF245E300B91BBA /* Piano_BPM60_4B2E_54.mp3 in Resources */ = {isa = PBXBuildFile; fileRef = 44D6F2712CF245E100B91BBA /* Piano_BPM60_4B2E_54.mp3 */; };
		44D6F2A42CF245E300B91BBA /* Piano_BPM60_4B2E_44.mp3 in Resources */ = {isa = PBXBuildFile; fileRef = 44D6F2722CF245E100B91BBA /* Piano_BPM60_4B2E_44.mp3 */; };
		44D6F2A52CF245E300B91BBA /* Piano_BPM60_4B2E_69.mp3 in Resources */ = {isa = PBXBuildFile; fileRef = 44D6F2732CF245E100B91BBA /* Piano_BPM60_4B2E_69.mp3 */; };
		44D6F2A62CF245E300B91BBA /* Piano_BPM60_4B2E_45.mp3 in Resources */ = {isa = PBXBuildFile; fileRef = 44D6F2742CF245E100B91BBA /* Piano_BPM60_4B2E_45.mp3 */; };
		44D6F2A72CF245E300B91BBA /* Piano_BPM60_4B2E_74.mp3 in Resources */ = {isa = PBXBuildFile; fileRef = 44D6F2752CF245E100B91BBA /* Piano_BPM60_4B2E_74.mp3 */; };
		44D6F2A82CF245E300B91BBA /* Piano_BPM60_4B2E_40.mp3 in Resources */ = {isa = PBXBuildFile; fileRef = 44D6F2762CF245E100B91BBA /* Piano_BPM60_4B2E_40.mp3 */; };
		44D6F2A92CF245E300B91BBA /* Piano_BPM60_4B2E_41.mp3 in Resources */ = {isa = PBXBuildFile; fileRef = 44D6F2772CF245E100B91BBA /* Piano_BPM60_4B2E_41.mp3 */; };
		44D6F2AA2CF245E300B91BBA /* Piano_BPM60_4B2E_52.mp3 in Resources */ = {isa = PBXBuildFile; fileRef = 44D6F2782CF245E100B91BBA /* Piano_BPM60_4B2E_52.mp3 */; };
		44D6F2AB2CF245E300B91BBA /* Piano_BPM60_4B2E_51.mp3 in Resources */ = {isa = PBXBuildFile; fileRef = 44D6F2792CF245E100B91BBA /* Piano_BPM60_4B2E_51.mp3 */; };
		44D6F2AC2CF245E300B91BBA /* Piano_BPM60_4B2E_46.mp3 in Resources */ = {isa = PBXBuildFile; fileRef = 44D6F27A2CF245E100B91BBA /* Piano_BPM60_4B2E_46.mp3 */; };
		44D6F2AD2CF245E300B91BBA /* Piano_BPM60_4B2E_48.mp3 in Resources */ = {isa = PBXBuildFile; fileRef = 44D6F27B2CF245E100B91BBA /* Piano_BPM60_4B2E_48.mp3 */; };
		44D6F2AE2CF245E300B91BBA /* Piano_BPM60_4B2E_50.mp3 in Resources */ = {isa = PBXBuildFile; fileRef = 44D6F27C2CF245E100B91BBA /* Piano_BPM60_4B2E_50.mp3 */; };
		44D6F2AF2CF245E300B91BBA /* Piano_BPM60_4B2E_71.mp3 in Resources */ = {isa = PBXBuildFile; fileRef = 44D6F27D2CF245E100B91BBA /* Piano_BPM60_4B2E_71.mp3 */; };
		44D6F2B02CF245E300B91BBA /* Piano_BPM60_4B2E_62.mp3 in Resources */ = {isa = PBXBuildFile; fileRef = 44D6F27E2CF245E100B91BBA /* Piano_BPM60_4B2E_62.mp3 */; };
		44D6F2B12CF245E300B91BBA /* Piano_BPM60_4B2E_56.mp3 in Resources */ = {isa = PBXBuildFile; fileRef = 44D6F27F2CF245E100B91BBA /* Piano_BPM60_4B2E_56.mp3 */; };
		44D6F2B22CF245E300B91BBA /* Piano_BPM60_4B2E_67.mp3 in Resources */ = {isa = PBXBuildFile; fileRef = 44D6F2802CF245E100B91BBA /* Piano_BPM60_4B2E_67.mp3 */; };
		44D6F2B32CF245E300B91BBA /* Piano_BPM60_4B2E_72.mp3 in Resources */ = {isa = PBXBuildFile; fileRef = 44D6F2812CF245E200B91BBA /* Piano_BPM60_4B2E_72.mp3 */; };
		44D6F2B42CF245E300B91BBA /* Piano_BPM60_4B2E_81.mp3 in Resources */ = {isa = PBXBuildFile; fileRef = 44D6F2822CF245E200B91BBA /* Piano_BPM60_4B2E_81.mp3 */; };
		44D6F2B52CF245E300B91BBA /* Piano_BPM60_4B2E_66.mp3 in Resources */ = {isa = PBXBuildFile; fileRef = 44D6F2832CF245E200B91BBA /* Piano_BPM60_4B2E_66.mp3 */; };
		44D6F2B62CF245E300B91BBA /* Piano_BPM60_4B2E_43.mp3 in Resources */ = {isa = PBXBuildFile; fileRef = 44D6F2842CF245E200B91BBA /* Piano_BPM60_4B2E_43.mp3 */; };
		44D6F2B72CF245E300B91BBA /* Piano_BPM60_4B2E_60.mp3 in Resources */ = {isa = PBXBuildFile; fileRef = 44D6F2852CF245E200B91BBA /* Piano_BPM60_4B2E_60.mp3 */; };
		44D6F2B82CF245E300B91BBA /* Piano_BPM60_4B2E_53.mp3 in Resources */ = {isa = PBXBuildFile; fileRef = 44D6F2862CF245E200B91BBA /* Piano_BPM60_4B2E_53.mp3 */; };
		44D6F2B92CF245E300B91BBA /* Piano_BPM60_4B2E_68.mp3 in Resources */ = {isa = PBXBuildFile; fileRef = 44D6F2872CF245E200B91BBA /* Piano_BPM60_4B2E_68.mp3 */; };
		44D6F2BA2CF245E300B91BBA /* Piano_BPM60_4B2E_36.mp3 in Resources */ = {isa = PBXBuildFile; fileRef = 44D6F2882CF245E200B91BBA /* Piano_BPM60_4B2E_36.mp3 */; };
		44D6F2BB2CF245E300B91BBA /* Piano_BPM60_4B2E_59.mp3 in Resources */ = {isa = PBXBuildFile; fileRef = 44D6F2892CF245E200B91BBA /* Piano_BPM60_4B2E_59.mp3 */; };
		44D6F2BC2CF245E300B91BBA /* Piano_BPM60_4B2E_61.mp3 in Resources */ = {isa = PBXBuildFile; fileRef = 44D6F28A2CF245E200B91BBA /* Piano_BPM60_4B2E_61.mp3 */; };
		44D6F2BD2CF245E300B91BBA /* Piano_BPM60_4B2E_38.mp3 in Resources */ = {isa = PBXBuildFile; fileRef = 44D6F28B2CF245E200B91BBA /* Piano_BPM60_4B2E_38.mp3 */; };
		44D6F2BE2CF245E300B91BBA /* Piano_BPM60_4B2E_42.mp3 in Resources */ = {isa = PBXBuildFile; fileRef = 44D6F28C2CF245E200B91BBA /* Piano_BPM60_4B2E_42.mp3 */; };
		44D6F2BF2CF245E300B91BBA /* Piano_BPM60_4B2E_77.mp3 in Resources */ = {isa = PBXBuildFile; fileRef = 44D6F28D2CF245E200B91BBA /* Piano_BPM60_4B2E_77.mp3 */; };
		44D6F2C02CF245E300B91BBA /* Piano_BPM60_4B2E_58.mp3 in Resources */ = {isa = PBXBuildFile; fileRef = 44D6F28E2CF245E200B91BBA /* Piano_BPM60_4B2E_58.mp3 */; };
		44D6F2C12CF245E300B91BBA /* Piano_BPM60_4B2E_73.mp3 in Resources */ = {isa = PBXBuildFile; fileRef = 44D6F28F2CF245E200B91BBA /* Piano_BPM60_4B2E_73.mp3 */; };
		44D6F2C22CF245E300B91BBA /* Piano_BPM60_4B2E_57.mp3 in Resources */ = {isa = PBXBuildFile; fileRef = 44D6F2902CF245E200B91BBA /* Piano_BPM60_4B2E_57.mp3 */; };
		44D6F2C32CF245E300B91BBA /* Piano_BPM60_4B2E_63.mp3 in Resources */ = {isa = PBXBuildFile; fileRef = 44D6F2912CF245E200B91BBA /* Piano_BPM60_4B2E_63.mp3 */; };
		44D6F2C42CF245E300B91BBA /* Piano_BPM60_4B2E_80.mp3 in Resources */ = {isa = PBXBuildFile; fileRef = 44D6F2922CF245E200B91BBA /* Piano_BPM60_4B2E_80.mp3 */; };
		44D6F2C52CF245E300B91BBA /* Piano_BPM60_4B2E_55.mp3 in Resources */ = {isa = PBXBuildFile; fileRef = 44D6F2932CF245E200B91BBA /* Piano_BPM60_4B2E_55.mp3 */; };
		44D6F2C62CF245E300B91BBA /* Piano_BPM60_4B2E_83.mp3 in Resources */ = {isa = PBXBuildFile; fileRef = 44D6F2942CF245E200B91BBA /* Piano_BPM60_4B2E_83.mp3 */; };
		44D6F2C72CF245E300B91BBA /* Piano_BPM60_4B2E_49.mp3 in Resources */ = {isa = PBXBuildFile; fileRef = 44D6F2952CF245E200B91BBA /* Piano_BPM60_4B2E_49.mp3 */; };
		44D6F2C82CF245E300B91BBA /* Piano_BPM60_4B2E_70.mp3 in Resources */ = {isa = PBXBuildFile; fileRef = 44D6F2962CF245E200B91BBA /* Piano_BPM60_4B2E_70.mp3 */; };
		44D6F2C92CF245E300B91BBA /* Piano_BPM60_4B2E_82.mp3 in Resources */ = {isa = PBXBuildFile; fileRef = 44D6F2972CF245E200B91BBA /* Piano_BPM60_4B2E_82.mp3 */; };
		44D6F2CA2CF245E300B91BBA /* Piano_BPM60_4B2E_65.mp3 in Resources */ = {isa = PBXBuildFile; fileRef = 44D6F2982CF245E200B91BBA /* Piano_BPM60_4B2E_65.mp3 */; };
		44D6F2CB2CF245E300B91BBA /* Piano_BPM60_4B2E_35.mp3 in Resources */ = {isa = PBXBuildFile; fileRef = 44D6F2992CF245E200B91BBA /* Piano_BPM60_4B2E_35.mp3 */; };
		44D6F2CC2CF245E300B91BBA /* Piano_BPM60_4B2E_37.mp3 in Resources */ = {isa = PBXBuildFile; fileRef = 44D6F29A2CF245E300B91BBA /* Piano_BPM60_4B2E_37.mp3 */; };
		44D6F2CD2CF245E300B91BBA /* Piano_BPM60_4B2E_76.mp3 in Resources */ = {isa = PBXBuildFile; fileRef = 44D6F29B2CF245E300B91BBA /* Piano_BPM60_4B2E_76.mp3 */; };
		44D6F2CE2CF245E300B91BBA /* Piano_BPM60_4B2E_79.mp3 in Resources */ = {isa = PBXBuildFile; fileRef = 44D6F29C2CF245E300B91BBA /* Piano_BPM60_4B2E_79.mp3 */; };
		44D6F2D12CF4CB8100B91BBA /* IntervalHelper.swift in Sources */ = {isa = PBXBuildFile; fileRef = 44D6F2D02CF4CB8100B91BBA /* IntervalHelper.swift */; };
		44D6F2D32CF4CD2500B91BBA /* IntervalHelperTests.swift in Sources */ = {isa = PBXBuildFile; fileRef = 44D6F2D22CF4CD2500B91BBA /* IntervalHelperTests.swift */; };
		44D6F2D52CF4FD4700B91BBA /* Tonic.Accidental+.swift in Sources */ = {isa = PBXBuildFile; fileRef = 44D6F2D42CF4FD4700B91BBA /* Tonic.Accidental+.swift */; };
		44D6F2D72CF5E4CF00B91BBA /* HapticManager.swift in Sources */ = {isa = PBXBuildFile; fileRef = 44D6F2D62CF5E4CF00B91BBA /* HapticManager.swift */; };
		44D6F2EC2CF60F1500B91BBA /* SwiftUIExtension.swift in Sources */ = {isa = PBXBuildFile; fileRef = 44D6F2D92CF60F1500B91BBA /* SwiftUIExtension.swift */; };
		44D6F2ED2CF60F1500B91BBA /* UIFontExtension.swift in Sources */ = {isa = PBXBuildFile; fileRef = 44D6F2DA2CF60F1500B91BBA /* UIFontExtension.swift */; };
		44D6F2EE2CF60F1500B91BBA /* UILabelExtension.swift in Sources */ = {isa = PBXBuildFile; fileRef = 44D6F2DB2CF60F1500B91BBA /* UILabelExtension.swift */; };
		44D6F2EF2CF60F1500B91BBA /* AlertIconDoneView.swift in Sources */ = {isa = PBXBuildFile; fileRef = 44D6F2DD2CF60F1500B91BBA /* AlertIconDoneView.swift */; };
		44D6F2F02CF60F1500B91BBA /* AlertIconErrorView.swift in Sources */ = {isa = PBXBuildFile; fileRef = 44D6F2DE2CF60F1500B91BBA /* AlertIconErrorView.swift */; };
		44D6F2F12CF60F1500B91BBA /* AlertIconHeartView.swift in Sources */ = {isa = PBXBuildFile; fileRef = 44D6F2DF2CF60F1500B91BBA /* AlertIconHeartView.swift */; };
		44D6F2F22CF60F1500B91BBA /* AlertSpinnerView.swift in Sources */ = {isa = PBXBuildFile; fileRef = 44D6F2E02CF60F1500B91BBA /* AlertSpinnerView.swift */; };
		44D6F2F32CF60F1500B91BBA /* AlertAppleMusic16View.swift in Sources */ = {isa = PBXBuildFile; fileRef = 44D6F2E22CF60F1500B91BBA /* AlertAppleMusic16View.swift */; };
		44D6F2F42CF60F1500B91BBA /* AlertAppleMusic17View.swift in Sources */ = {isa = PBXBuildFile; fileRef = 44D6F2E32CF60F1500B91BBA /* AlertAppleMusic17View.swift */; };
		44D6F2F52CF60F1500B91BBA /* AlertViewInternalDismissProtocol.swift in Sources */ = {isa = PBXBuildFile; fileRef = 44D6F2E42CF60F1500B91BBA /* AlertViewInternalDismissProtocol.swift */; };
		44D6F2F62CF60F1500B91BBA /* AlertViewProtocol.swift in Sources */ = {isa = PBXBuildFile; fileRef = 44D6F2E52CF60F1500B91BBA /* AlertViewProtocol.swift */; };
		44D6F2F72CF60F1500B91BBA /* AlertHaptic.swift in Sources */ = {isa = PBXBuildFile; fileRef = 44D6F2E72CF60F1500B91BBA /* AlertHaptic.swift */; };
		44D6F2F82CF60F1500B91BBA /* AlertIcon.swift in Sources */ = {isa = PBXBuildFile; fileRef = 44D6F2E82CF60F1500B91BBA /* AlertIcon.swift */; };
		44D6F2F92CF60F1500B91BBA /* AlertKitAPI.swift in Sources */ = {isa = PBXBuildFile; fileRef = 44D6F2E92CF60F1500B91BBA /* AlertKitAPI.swift */; };
		44D6F2FA2CF60F1500B91BBA /* AlertViewStyle.swift in Sources */ = {isa = PBXBuildFile; fileRef = 44D6F2EA2CF60F1500B91BBA /* AlertViewStyle.swift */; };
		44D6F2FC2CF611CC00B91BBA /* CustomAlertView.swift in Sources */ = {isa = PBXBuildFile; fileRef = 44D6F2FB2CF611CC00B91BBA /* CustomAlertView.swift */; };
		44D6F2FE2CF6EFA200B91BBA /* AppSettingView.swift in Sources */ = {isa = PBXBuildFile; fileRef = 44D6F2FD2CF6EFA200B91BBA /* AppSettingView.swift */; };
		44D6F3002CF729F700B91BBA /* CircularProgressBar.swift in Sources */ = {isa = PBXBuildFile; fileRef = 44D6F2FF2CF729F700B91BBA /* CircularProgressBar.swift */; };
		44D6F3032CF7388E00B91BBA /* TimerView.swift in Sources */ = {isa = PBXBuildFile; fileRef = 44D6F3022CF7388E00B91BBA /* TimerView.swift */; };
/* End PBXBuildFile section */

/* Begin PBXContainerItemProxy section */
		44D6F1F92CEF73A400B91BBA /* PBXContainerItemProxy */ = {
			isa = PBXContainerItemProxy;
			containerPortal = 44C4CEE72C8C47A80092C452 /* Project object */;
			proxyType = 1;
			remoteGlobalIDString = 44C4CEEE2C8C47A80092C452;
			remoteInfo = MusicIntervalQuizMaster;
		};
/* End PBXContainerItemProxy section */

/* Begin PBXFileReference section */
		440BE63C2CE7994000B01C1B /* QuizViewModel.swift */ = {isa = PBXFileReference; lastKnownFileType = sourcecode.swift; path = QuizViewModel.swift; sourceTree = "<group>"; };
		440BE63E2CE7998E00B01C1B /* IntervalTouchKeyboardView.swift */ = {isa = PBXFileReference; lastKnownFileType = sourcecode.swift; path = IntervalTouchKeyboardView.swift; sourceTree = "<group>"; };
		440BE6412CE799B500B01C1B /* IntervalPair.swift */ = {isa = PBXFileReference; lastKnownFileType = sourcecode.swift; path = IntervalPair.swift; sourceTree = "<group>"; };
		440BE6442CE799DB00B01C1B /* IntervalTouchKeyboardViewModel.swift */ = {isa = PBXFileReference; lastKnownFileType = sourcecode.swift; path = IntervalTouchKeyboardViewModel.swift; sourceTree = "<group>"; };
		440BE6462CE79FA900B01C1B /* ReadOnlyTextFieldRPView.swift */ = {isa = PBXFileReference; lastKnownFileType = sourcecode.swift; path = ReadOnlyTextFieldRPView.swift; sourceTree = "<group>"; };
		440BE6482CEA282F00B01C1B /* FontManager.swift */ = {isa = PBXFileReference; lastKnownFileType = sourcecode.swift; path = FontManager.swift; sourceTree = "<group>"; };
		440BE64B2CEA285600B01C1B /* Musiqwik.ttf */ = {isa = PBXFileReference; lastKnownFileType = file; path = Musiqwik.ttf; sourceTree = "<group>"; };
		440BE64D2CEA28F100B01C1B /* MusiqwikView.swift */ = {isa = PBXFileReference; lastKnownFileType = sourcecode.swift; path = MusiqwikView.swift; sourceTree = "<group>"; };
		446300282CFB807800C33BCB /* StatsViewModel.swift */ = {isa = PBXFileReference; lastKnownFileType = sourcecode.swift; path = StatsViewModel.swift; sourceTree = "<group>"; };
		4463002A2CFB86EE00C33BCB /* Info.plist */ = {isa = PBXFileReference; lastKnownFileType = text.plist; path = Info.plist; sourceTree = "<group>"; };
		4463002B2CFC2C6900C33BCB /* Int+.swift */ = {isa = PBXFileReference; lastKnownFileType = sourcecode.swift; path = "Int+.swift"; sourceTree = "<group>"; };
		4463002D2CFC30E500C33BCB /* MailRPView.swift */ = {isa = PBXFileReference; lastKnownFileType = sourcecode.swift; path = MailRPView.swift; sourceTree = "<group>"; };
		4463002F2CFC336C00C33BCB /* UIDevice+.swift */ = {isa = PBXFileReference; lastKnownFileType = sourcecode.swift; path = "UIDevice+.swift"; sourceTree = "<group>"; };
		446300312CFCABE100C33BCB /* Double.swift */ = {isa = PBXFileReference; lastKnownFileType = sourcecode.swift; path = Double.swift; sourceTree = "<group>"; };
		446300332CFD8C3B00C33BCB /* Filter.swift */ = {isa = PBXFileReference; lastKnownFileType = sourcecode.swift; path = Filter.swift; sourceTree = "<group>"; };
		446300352CFD8C5F00C33BCB /* SolvingStatus.swift */ = {isa = PBXFileReference; lastKnownFileType = sourcecode.swift; path = SolvingStatus.swift; sourceTree = "<group>"; };
		4463003A2CFDDA1300C33BCB /* BarChartData.swift */ = {isa = PBXFileReference; lastKnownFileType = sourcecode.swift; path = BarChartData.swift; sourceTree = "<group>"; };
		4463003E2CFE12FC00C33BCB /* String+.swift */ = {isa = PBXFileReference; lastKnownFileType = sourcecode.swift; path = "String+.swift"; sourceTree = "<group>"; };
		446300412CFE15CC00C33BCB /* en */ = {isa = PBXFileReference; lastKnownFileType = text.plist.strings; name = en; path = en.lproj/Localizable.strings; sourceTree = "<group>"; };
		446300432CFE15D000C33BCB /* ko */ = {isa = PBXFileReference; lastKnownFileType = text.plist.strings; name = ko; path = ko.lproj/Localizable.strings; sourceTree = "<group>"; };
		4469E8CB2CEA298100CC506C /* IntervalModifier.swift */ = {isa = PBXFileReference; lastKnownFileType = sourcecode.swift; path = IntervalModifier.swift; sourceTree = "<group>"; };
		4469E8CD2CEA2D0D00CC506C /* Clef.swift */ = {isa = PBXFileReference; lastKnownFileType = sourcecode.swift; path = Clef.swift; sourceTree = "<group>"; };
		4469E8D02CEA305700CC506C /* HasMusiqwikText.swift */ = {isa = PBXFileReference; lastKnownFileType = sourcecode.swift; path = HasMusiqwikText.swift; sourceTree = "<group>"; };
		4469E8D22CEA327200CC506C /* IntervalPairDirection.swift */ = {isa = PBXFileReference; lastKnownFileType = sourcecode.swift; path = IntervalPairDirection.swift; sourceTree = "<group>"; };
		4469E8D52CEA374800CC506C /* Tonic.Note+.swift */ = {isa = PBXFileReference; lastKnownFileType = sourcecode.swift; path = "Tonic.Note+.swift"; sourceTree = "<group>"; };
		4469E8D72CEB920600CC506C /* MainTabBarView.swift */ = {isa = PBXFileReference; lastKnownFileType = sourcecode.swift; path = MainTabBarView.swift; sourceTree = "<group>"; };
		4469E8D92CEB92DE00CC506C /* SettingView.swift */ = {isa = PBXFileReference; lastKnownFileType = sourcecode.swift; path = SettingView.swift; sourceTree = "<group>"; };
		44753C4B2D4C9796003F82FA /* LocalNotiManager.swift */ = {isa = PBXFileReference; lastKnownFileType = sourcecode.swift; path = LocalNotiManager.swift; sourceTree = "<group>"; };
		448A3D412CF8B0CC00D0D758 /* Persistence.swift */ = {isa = PBXFileReference; lastKnownFileType = sourcecode.swift; path = Persistence.swift; sourceTree = "<group>"; };
		448A3D442CF8B12900D0D758 /* MusicIntervalQuizMaster.xcdatamodel */ = {isa = PBXFileReference; lastKnownFileType = wrapper.xcdatamodel; path = MusicIntervalQuizMaster.xcdatamodel; sourceTree = "<group>"; };
		448A3D4C2CF9D91100D0D758 /* QuestionRecord.swift */ = {isa = PBXFileReference; lastKnownFileType = sourcecode.swift; path = QuestionRecord.swift; sourceTree = "<group>"; };
		448A3D4E2CF9EBD800D0D758 /* QuizAnswerMode.swift */ = {isa = PBXFileReference; lastKnownFileType = sourcecode.swift; path = QuizAnswerMode.swift; sourceTree = "<group>"; };
		448A3D502CFA0D7300D0D758 /* QuizSession.swift */ = {isa = PBXFileReference; lastKnownFileType = sourcecode.swift; path = QuizSession.swift; sourceTree = "<group>"; };
		448A3D522CFA133F00D0D758 /* QuizAttempt.swift */ = {isa = PBXFileReference; lastKnownFileType = sourcecode.swift; path = QuizAttempt.swift; sourceTree = "<group>"; };
		448A3D562CFADC9B00D0D758 /* ColorScheme+.swift */ = {isa = PBXFileReference; lastKnownFileType = sourcecode.swift; path = "ColorScheme+.swift"; sourceTree = "<group>"; };
		448A3D582CFAE2C400D0D758 /* ForMacStepper.swift */ = {isa = PBXFileReference; lastKnownFileType = sourcecode.swift; path = ForMacStepper.swift; sourceTree = "<group>"; };
		448A3D5A2CFB637D00D0D758 /* QuizSessionManager.swift */ = {isa = PBXFileReference; lastKnownFileType = sourcecode.swift; path = QuizSessionManager.swift; sourceTree = "<group>"; };
		448A3D5C2CFB689600D0D758 /* Stat.swift */ = {isa = PBXFileReference; lastKnownFileType = sourcecode.swift; path = Stat.swift; sourceTree = "<group>"; };
		448C64DF2CF86122006D81BD /* MoreInfoView.swift */ = {isa = PBXFileReference; lastKnownFileType = sourcecode.swift; path = MoreInfoView.swift; sourceTree = "<group>"; };
		448C64E12CF873D3006D81BD /* TutorialGuideView.swift */ = {isa = PBXFileReference; lastKnownFileType = sourcecode.swift; path = TutorialGuideView.swift; sourceTree = "<group>"; };
		448C64E32CF874EA006D81BD /* LicenseView.swift */ = {isa = PBXFileReference; lastKnownFileType = sourcecode.swift; path = LicenseView.swift; sourceTree = "<group>"; };
		448C64EA2CF883F0006D81BD /* ChartView.swift */ = {isa = PBXFileReference; lastKnownFileType = sourcecode.swift; path = ChartView.swift; sourceTree = "<group>"; };
		448C64EC2CF88623006D81BD /* StatsView.swift */ = {isa = PBXFileReference; lastKnownFileType = sourcecode.swift; path = StatsView.swift; sourceTree = "<group>"; };
		449FE4832CFF152B00A8D840 /* ja */ = {isa = PBXFileReference; lastKnownFileType = text.plist.strings; name = ja; path = ja.lproj/Localizable.strings; sourceTree = "<group>"; };
		449FE4852CFF550C00A8D840 /* ImageSlideView.swift */ = {isa = PBXFileReference; lastKnownFileType = sourcecode.swift; path = ImageSlideView.swift; sourceTree = "<group>"; };
		44A739EA2D0002210042A620 /* AppStoreScreenshotsView.swift */ = {isa = PBXFileReference; lastKnownFileType = sourcecode.swift; path = AppStoreScreenshotsView.swift; sourceTree = "<group>"; };
		44A739EC2D0037EA0042A620 /* PrivacyInfo.xcprivacy */ = {isa = PBXFileReference; lastKnownFileType = text.xml; path = PrivacyInfo.xcprivacy; sourceTree = "<group>"; };
		44B4B8EB2CEBA12300D344B6 /* IntervalTypeSelectSettingView.swift */ = {isa = PBXFileReference; lastKnownFileType = sourcecode.swift; path = IntervalTypeSelectSettingView.swift; sourceTree = "<group>"; };
		44B4B8ED2CEBA39400D344B6 /* GlobalVariables.swift */ = {isa = PBXFileReference; lastKnownFileType = sourcecode.swift; path = GlobalVariables.swift; sourceTree = "<group>"; };
		44B4B8EF2CECADAB00D344B6 /* UserDefaults+.swift */ = {isa = PBXFileReference; lastKnownFileType = sourcecode.swift; path = "UserDefaults+.swift"; sourceTree = "<group>"; };
		44C4CEEF2C8C47A80092C452 /* MusicIntervalQuizMaster.app */ = {isa = PBXFileReference; explicitFileType = wrapper.application; includeInIndex = 0; path = MusicIntervalQuizMaster.app; sourceTree = BUILT_PRODUCTS_DIR; };
		44C4CEF22C8C47A80092C452 /* MusicIntervalQuizMasterApp.swift */ = {isa = PBXFileReference; lastKnownFileType = sourcecode.swift; path = MusicIntervalQuizMasterApp.swift; sourceTree = "<group>"; };
		44C4CEF42C8C47A80092C452 /* QuizView.swift */ = {isa = PBXFileReference; lastKnownFileType = sourcecode.swift; path = QuizView.swift; sourceTree = "<group>"; };
		44C4CEF62C8C47A90092C452 /* Assets.xcassets */ = {isa = PBXFileReference; lastKnownFileType = folder.assetcatalog; path = Assets.xcassets; sourceTree = "<group>"; };
		44C4CEF92C8C47A90092C452 /* Preview Assets.xcassets */ = {isa = PBXFileReference; lastKnownFileType = folder.assetcatalog; path = "Preview Assets.xcassets"; sourceTree = "<group>"; };
		44C4CF002C8C5BFD0092C452 /* MusicIntervalQuizMaster.entitlements */ = {isa = PBXFileReference; lastKnownFileType = text.plist.entitlements; path = MusicIntervalQuizMaster.entitlements; sourceTree = "<group>"; };
		44D6F1ED2CECB34D00B91BBA /* SettingViewModel.swift */ = {isa = PBXFileReference; lastKnownFileType = sourcecode.swift; path = SettingViewModel.swift; sourceTree = "<group>"; };
		44D6F1F52CEF73A400B91BBA /* MusicIntervalQuizMasterTests.xctest */ = {isa = PBXFileReference; explicitFileType = wrapper.cfbundle; includeInIndex = 0; path = MusicIntervalQuizMasterTests.xctest; sourceTree = BUILT_PRODUCTS_DIR; };
		44D6F1F72CEF73A400B91BBA /* MusicIntervalQuizMasterTests.swift */ = {isa = PBXFileReference; lastKnownFileType = sourcecode.swift; path = MusicIntervalQuizMasterTests.swift; sourceTree = "<group>"; };
		44D6F1FE2CEF78A200B91BBA /* Tonic.Letter+.swift */ = {isa = PBXFileReference; lastKnownFileType = sourcecode.swift; path = "Tonic.Letter+.swift"; sourceTree = "<group>"; };
		44D6F2662CF2324F00B91BBA /* SoundManager.swift */ = {isa = PBXFileReference; lastKnownFileType = sourcecode.swift; path = SoundManager.swift; sourceTree = "<group>"; };
		44D6F2692CF2392900B91BBA /* EmbossedButtonStyle.swift */ = {isa = PBXFileReference; lastKnownFileType = sourcecode.swift; path = EmbossedButtonStyle.swift; sourceTree = "<group>"; };
		44D6F26B2CF245E100B91BBA /* Piano_BPM60_4B2E_78.mp3 */ = {isa = PBXFileReference; lastKnownFileType = audio.mp3; path = Piano_BPM60_4B2E_78.mp3; sourceTree = "<group>"; };
		44D6F26C2CF245E100B91BBA /* Piano_BPM60_4B2E_64.mp3 */ = {isa = PBXFileReference; lastKnownFileType = audio.mp3; path = Piano_BPM60_4B2E_64.mp3; sourceTree = "<group>"; };
		44D6F26D2CF245E100B91BBA /* Piano_BPM60_4B2E_34.mp3 */ = {isa = PBXFileReference; lastKnownFileType = audio.mp3; path = Piano_BPM60_4B2E_34.mp3; sourceTree = "<group>"; };
		44D6F26E2CF245E100B91BBA /* Piano_BPM60_4B2E_39.mp3 */ = {isa = PBXFileReference; lastKnownFileType = audio.mp3; path = Piano_BPM60_4B2E_39.mp3; sourceTree = "<group>"; };
		44D6F26F2CF245E100B91BBA /* Piano_BPM60_4B2E_47.mp3 */ = {isa = PBXFileReference; lastKnownFileType = audio.mp3; path = Piano_BPM60_4B2E_47.mp3; sourceTree = "<group>"; };
		44D6F2702CF245E100B91BBA /* Piano_BPM60_4B2E_75.mp3 */ = {isa = PBXFileReference; lastKnownFileType = audio.mp3; path = Piano_BPM60_4B2E_75.mp3; sourceTree = "<group>"; };
		44D6F2712CF245E100B91BBA /* Piano_BPM60_4B2E_54.mp3 */ = {isa = PBXFileReference; lastKnownFileType = audio.mp3; path = Piano_BPM60_4B2E_54.mp3; sourceTree = "<group>"; };
		44D6F2722CF245E100B91BBA /* Piano_BPM60_4B2E_44.mp3 */ = {isa = PBXFileReference; lastKnownFileType = audio.mp3; path = Piano_BPM60_4B2E_44.mp3; sourceTree = "<group>"; };
		44D6F2732CF245E100B91BBA /* Piano_BPM60_4B2E_69.mp3 */ = {isa = PBXFileReference; lastKnownFileType = audio.mp3; path = Piano_BPM60_4B2E_69.mp3; sourceTree = "<group>"; };
		44D6F2742CF245E100B91BBA /* Piano_BPM60_4B2E_45.mp3 */ = {isa = PBXFileReference; lastKnownFileType = audio.mp3; path = Piano_BPM60_4B2E_45.mp3; sourceTree = "<group>"; };
		44D6F2752CF245E100B91BBA /* Piano_BPM60_4B2E_74.mp3 */ = {isa = PBXFileReference; lastKnownFileType = audio.mp3; path = Piano_BPM60_4B2E_74.mp3; sourceTree = "<group>"; };
		44D6F2762CF245E100B91BBA /* Piano_BPM60_4B2E_40.mp3 */ = {isa = PBXFileReference; lastKnownFileType = audio.mp3; path = Piano_BPM60_4B2E_40.mp3; sourceTree = "<group>"; };
		44D6F2772CF245E100B91BBA /* Piano_BPM60_4B2E_41.mp3 */ = {isa = PBXFileReference; lastKnownFileType = audio.mp3; path = Piano_BPM60_4B2E_41.mp3; sourceTree = "<group>"; };
		44D6F2782CF245E100B91BBA /* Piano_BPM60_4B2E_52.mp3 */ = {isa = PBXFileReference; lastKnownFileType = audio.mp3; path = Piano_BPM60_4B2E_52.mp3; sourceTree = "<group>"; };
		44D6F2792CF245E100B91BBA /* Piano_BPM60_4B2E_51.mp3 */ = {isa = PBXFileReference; lastKnownFileType = audio.mp3; path = Piano_BPM60_4B2E_51.mp3; sourceTree = "<group>"; };
		44D6F27A2CF245E100B91BBA /* Piano_BPM60_4B2E_46.mp3 */ = {isa = PBXFileReference; lastKnownFileType = audio.mp3; path = Piano_BPM60_4B2E_46.mp3; sourceTree = "<group>"; };
		44D6F27B2CF245E100B91BBA /* Piano_BPM60_4B2E_48.mp3 */ = {isa = PBXFileReference; lastKnownFileType = audio.mp3; path = Piano_BPM60_4B2E_48.mp3; sourceTree = "<group>"; };
		44D6F27C2CF245E100B91BBA /* Piano_BPM60_4B2E_50.mp3 */ = {isa = PBXFileReference; lastKnownFileType = audio.mp3; path = Piano_BPM60_4B2E_50.mp3; sourceTree = "<group>"; };
		44D6F27D2CF245E100B91BBA /* Piano_BPM60_4B2E_71.mp3 */ = {isa = PBXFileReference; lastKnownFileType = audio.mp3; path = Piano_BPM60_4B2E_71.mp3; sourceTree = "<group>"; };
		44D6F27E2CF245E100B91BBA /* Piano_BPM60_4B2E_62.mp3 */ = {isa = PBXFileReference; lastKnownFileType = audio.mp3; path = Piano_BPM60_4B2E_62.mp3; sourceTree = "<group>"; };
		44D6F27F2CF245E100B91BBA /* Piano_BPM60_4B2E_56.mp3 */ = {isa = PBXFileReference; lastKnownFileType = audio.mp3; path = Piano_BPM60_4B2E_56.mp3; sourceTree = "<group>"; };
		44D6F2802CF245E100B91BBA /* Piano_BPM60_4B2E_67.mp3 */ = {isa = PBXFileReference; lastKnownFileType = audio.mp3; path = Piano_BPM60_4B2E_67.mp3; sourceTree = "<group>"; };
		44D6F2812CF245E200B91BBA /* Piano_BPM60_4B2E_72.mp3 */ = {isa = PBXFileReference; lastKnownFileType = audio.mp3; path = Piano_BPM60_4B2E_72.mp3; sourceTree = "<group>"; };
		44D6F2822CF245E200B91BBA /* Piano_BPM60_4B2E_81.mp3 */ = {isa = PBXFileReference; lastKnownFileType = audio.mp3; path = Piano_BPM60_4B2E_81.mp3; sourceTree = "<group>"; };
		44D6F2832CF245E200B91BBA /* Piano_BPM60_4B2E_66.mp3 */ = {isa = PBXFileReference; lastKnownFileType = audio.mp3; path = Piano_BPM60_4B2E_66.mp3; sourceTree = "<group>"; };
		44D6F2842CF245E200B91BBA /* Piano_BPM60_4B2E_43.mp3 */ = {isa = PBXFileReference; lastKnownFileType = audio.mp3; path = Piano_BPM60_4B2E_43.mp3; sourceTree = "<group>"; };
		44D6F2852CF245E200B91BBA /* Piano_BPM60_4B2E_60.mp3 */ = {isa = PBXFileReference; lastKnownFileType = audio.mp3; path = Piano_BPM60_4B2E_60.mp3; sourceTree = "<group>"; };
		44D6F2862CF245E200B91BBA /* Piano_BPM60_4B2E_53.mp3 */ = {isa = PBXFileReference; lastKnownFileType = audio.mp3; path = Piano_BPM60_4B2E_53.mp3; sourceTree = "<group>"; };
		44D6F2872CF245E200B91BBA /* Piano_BPM60_4B2E_68.mp3 */ = {isa = PBXFileReference; lastKnownFileType = audio.mp3; path = Piano_BPM60_4B2E_68.mp3; sourceTree = "<group>"; };
		44D6F2882CF245E200B91BBA /* Piano_BPM60_4B2E_36.mp3 */ = {isa = PBXFileReference; lastKnownFileType = audio.mp3; path = Piano_BPM60_4B2E_36.mp3; sourceTree = "<group>"; };
		44D6F2892CF245E200B91BBA /* Piano_BPM60_4B2E_59.mp3 */ = {isa = PBXFileReference; lastKnownFileType = audio.mp3; path = Piano_BPM60_4B2E_59.mp3; sourceTree = "<group>"; };
		44D6F28A2CF245E200B91BBA /* Piano_BPM60_4B2E_61.mp3 */ = {isa = PBXFileReference; lastKnownFileType = audio.mp3; path = Piano_BPM60_4B2E_61.mp3; sourceTree = "<group>"; };
		44D6F28B2CF245E200B91BBA /* Piano_BPM60_4B2E_38.mp3 */ = {isa = PBXFileReference; lastKnownFileType = audio.mp3; path = Piano_BPM60_4B2E_38.mp3; sourceTree = "<group>"; };
		44D6F28C2CF245E200B91BBA /* Piano_BPM60_4B2E_42.mp3 */ = {isa = PBXFileReference; lastKnownFileType = audio.mp3; path = Piano_BPM60_4B2E_42.mp3; sourceTree = "<group>"; };
		44D6F28D2CF245E200B91BBA /* Piano_BPM60_4B2E_77.mp3 */ = {isa = PBXFileReference; lastKnownFileType = audio.mp3; path = Piano_BPM60_4B2E_77.mp3; sourceTree = "<group>"; };
		44D6F28E2CF245E200B91BBA /* Piano_BPM60_4B2E_58.mp3 */ = {isa = PBXFileReference; lastKnownFileType = audio.mp3; path = Piano_BPM60_4B2E_58.mp3; sourceTree = "<group>"; };
		44D6F28F2CF245E200B91BBA /* Piano_BPM60_4B2E_73.mp3 */ = {isa = PBXFileReference; lastKnownFileType = audio.mp3; path = Piano_BPM60_4B2E_73.mp3; sourceTree = "<group>"; };
		44D6F2902CF245E200B91BBA /* Piano_BPM60_4B2E_57.mp3 */ = {isa = PBXFileReference; lastKnownFileType = audio.mp3; path = Piano_BPM60_4B2E_57.mp3; sourceTree = "<group>"; };
		44D6F2912CF245E200B91BBA /* Piano_BPM60_4B2E_63.mp3 */ = {isa = PBXFileReference; lastKnownFileType = audio.mp3; path = Piano_BPM60_4B2E_63.mp3; sourceTree = "<group>"; };
		44D6F2922CF245E200B91BBA /* Piano_BPM60_4B2E_80.mp3 */ = {isa = PBXFileReference; lastKnownFileType = audio.mp3; path = Piano_BPM60_4B2E_80.mp3; sourceTree = "<group>"; };
		44D6F2932CF245E200B91BBA /* Piano_BPM60_4B2E_55.mp3 */ = {isa = PBXFileReference; lastKnownFileType = audio.mp3; path = Piano_BPM60_4B2E_55.mp3; sourceTree = "<group>"; };
		44D6F2942CF245E200B91BBA /* Piano_BPM60_4B2E_83.mp3 */ = {isa = PBXFileReference; lastKnownFileType = audio.mp3; path = Piano_BPM60_4B2E_83.mp3; sourceTree = "<group>"; };
		44D6F2952CF245E200B91BBA /* Piano_BPM60_4B2E_49.mp3 */ = {isa = PBXFileReference; lastKnownFileType = audio.mp3; path = Piano_BPM60_4B2E_49.mp3; sourceTree = "<group>"; };
		44D6F2962CF245E200B91BBA /* Piano_BPM60_4B2E_70.mp3 */ = {isa = PBXFileReference; lastKnownFileType = audio.mp3; path = Piano_BPM60_4B2E_70.mp3; sourceTree = "<group>"; };
		44D6F2972CF245E200B91BBA /* Piano_BPM60_4B2E_82.mp3 */ = {isa = PBXFileReference; lastKnownFileType = audio.mp3; path = Piano_BPM60_4B2E_82.mp3; sourceTree = "<group>"; };
		44D6F2982CF245E200B91BBA /* Piano_BPM60_4B2E_65.mp3 */ = {isa = PBXFileReference; lastKnownFileType = audio.mp3; path = Piano_BPM60_4B2E_65.mp3; sourceTree = "<group>"; };
		44D6F2992CF245E200B91BBA /* Piano_BPM60_4B2E_35.mp3 */ = {isa = PBXFileReference; lastKnownFileType = audio.mp3; path = Piano_BPM60_4B2E_35.mp3; sourceTree = "<group>"; };
		44D6F29A2CF245E300B91BBA /* Piano_BPM60_4B2E_37.mp3 */ = {isa = PBXFileReference; lastKnownFileType = audio.mp3; path = Piano_BPM60_4B2E_37.mp3; sourceTree = "<group>"; };
		44D6F29B2CF245E300B91BBA /* Piano_BPM60_4B2E_76.mp3 */ = {isa = PBXFileReference; lastKnownFileType = audio.mp3; path = Piano_BPM60_4B2E_76.mp3; sourceTree = "<group>"; };
		44D6F29C2CF245E300B91BBA /* Piano_BPM60_4B2E_79.mp3 */ = {isa = PBXFileReference; lastKnownFileType = audio.mp3; path = Piano_BPM60_4B2E_79.mp3; sourceTree = "<group>"; };
		44D6F2D02CF4CB8100B91BBA /* IntervalHelper.swift */ = {isa = PBXFileReference; lastKnownFileType = sourcecode.swift; path = IntervalHelper.swift; sourceTree = "<group>"; };
		44D6F2D22CF4CD2500B91BBA /* IntervalHelperTests.swift */ = {isa = PBXFileReference; lastKnownFileType = sourcecode.swift; path = IntervalHelperTests.swift; sourceTree = "<group>"; };
		44D6F2D42CF4FD4700B91BBA /* Tonic.Accidental+.swift */ = {isa = PBXFileReference; lastKnownFileType = sourcecode.swift; path = "Tonic.Accidental+.swift"; sourceTree = "<group>"; };
		44D6F2D62CF5E4CF00B91BBA /* HapticManager.swift */ = {isa = PBXFileReference; lastKnownFileType = sourcecode.swift; path = HapticManager.swift; sourceTree = "<group>"; };
		44D6F2D92CF60F1500B91BBA /* SwiftUIExtension.swift */ = {isa = PBXFileReference; fileEncoding = 4; lastKnownFileType = sourcecode.swift; path = SwiftUIExtension.swift; sourceTree = "<group>"; };
		44D6F2DA2CF60F1500B91BBA /* UIFontExtension.swift */ = {isa = PBXFileReference; fileEncoding = 4; lastKnownFileType = sourcecode.swift; path = UIFontExtension.swift; sourceTree = "<group>"; };
		44D6F2DB2CF60F1500B91BBA /* UILabelExtension.swift */ = {isa = PBXFileReference; fileEncoding = 4; lastKnownFileType = sourcecode.swift; path = UILabelExtension.swift; sourceTree = "<group>"; };
		44D6F2DD2CF60F1500B91BBA /* AlertIconDoneView.swift */ = {isa = PBXFileReference; fileEncoding = 4; lastKnownFileType = sourcecode.swift; path = AlertIconDoneView.swift; sourceTree = "<group>"; };
		44D6F2DE2CF60F1500B91BBA /* AlertIconErrorView.swift */ = {isa = PBXFileReference; fileEncoding = 4; lastKnownFileType = sourcecode.swift; path = AlertIconErrorView.swift; sourceTree = "<group>"; };
		44D6F2DF2CF60F1500B91BBA /* AlertIconHeartView.swift */ = {isa = PBXFileReference; fileEncoding = 4; lastKnownFileType = sourcecode.swift; path = AlertIconHeartView.swift; sourceTree = "<group>"; };
		44D6F2E02CF60F1500B91BBA /* AlertSpinnerView.swift */ = {isa = PBXFileReference; fileEncoding = 4; lastKnownFileType = sourcecode.swift; path = AlertSpinnerView.swift; sourceTree = "<group>"; };
		44D6F2E22CF60F1500B91BBA /* AlertAppleMusic16View.swift */ = {isa = PBXFileReference; fileEncoding = 4; lastKnownFileType = sourcecode.swift; path = AlertAppleMusic16View.swift; sourceTree = "<group>"; };
		44D6F2E32CF60F1500B91BBA /* AlertAppleMusic17View.swift */ = {isa = PBXFileReference; fileEncoding = 4; lastKnownFileType = sourcecode.swift; path = AlertAppleMusic17View.swift; sourceTree = "<group>"; };
		44D6F2E42CF60F1500B91BBA /* AlertViewInternalDismissProtocol.swift */ = {isa = PBXFileReference; fileEncoding = 4; lastKnownFileType = sourcecode.swift; path = AlertViewInternalDismissProtocol.swift; sourceTree = "<group>"; };
		44D6F2E52CF60F1500B91BBA /* AlertViewProtocol.swift */ = {isa = PBXFileReference; fileEncoding = 4; lastKnownFileType = sourcecode.swift; path = AlertViewProtocol.swift; sourceTree = "<group>"; };
		44D6F2E72CF60F1500B91BBA /* AlertHaptic.swift */ = {isa = PBXFileReference; fileEncoding = 4; lastKnownFileType = sourcecode.swift; path = AlertHaptic.swift; sourceTree = "<group>"; };
		44D6F2E82CF60F1500B91BBA /* AlertIcon.swift */ = {isa = PBXFileReference; fileEncoding = 4; lastKnownFileType = sourcecode.swift; path = AlertIcon.swift; sourceTree = "<group>"; };
		44D6F2E92CF60F1500B91BBA /* AlertKitAPI.swift */ = {isa = PBXFileReference; fileEncoding = 4; lastKnownFileType = sourcecode.swift; path = AlertKitAPI.swift; sourceTree = "<group>"; };
		44D6F2EA2CF60F1500B91BBA /* AlertViewStyle.swift */ = {isa = PBXFileReference; fileEncoding = 4; lastKnownFileType = sourcecode.swift; path = AlertViewStyle.swift; sourceTree = "<group>"; };
		44D6F2FB2CF611CC00B91BBA /* CustomAlertView.swift */ = {isa = PBXFileReference; lastKnownFileType = sourcecode.swift; path = CustomAlertView.swift; sourceTree = "<group>"; };
		44D6F2FD2CF6EFA200B91BBA /* AppSettingView.swift */ = {isa = PBXFileReference; lastKnownFileType = sourcecode.swift; path = AppSettingView.swift; sourceTree = "<group>"; };
		44D6F2FF2CF729F700B91BBA /* CircularProgressBar.swift */ = {isa = PBXFileReference; lastKnownFileType = sourcecode.swift; path = CircularProgressBar.swift; sourceTree = "<group>"; };
		44D6F3022CF7388E00B91BBA /* TimerView.swift */ = {isa = PBXFileReference; lastKnownFileType = sourcecode.swift; path = TimerView.swift; sourceTree = "<group>"; };
/* End PBXFileReference section */

/* Begin PBXFrameworksBuildPhase section */
		44C4CEEC2C8C47A80092C452 /* Frameworks */ = {
			isa = PBXFrameworksBuildPhase;
			buildActionMask = 2147483647;
			files = (
				44B4B8E92CEB9D7400D344B6 /* Tonic in Frameworks */,
			);
			runOnlyForDeploymentPostprocessing = 0;
		};
		44D6F1F22CEF73A400B91BBA /* Frameworks */ = {
			isa = PBXFrameworksBuildPhase;
			buildActionMask = 2147483647;
			files = (
			);
			runOnlyForDeploymentPostprocessing = 0;
		};
/* End PBXFrameworksBuildPhase section */

/* Begin PBXGroup section */
		440BE6402CE799A900B01C1B /* ValueObject */ = {
			isa = PBXGroup;
			children = (
				440BE6412CE799B500B01C1B /* IntervalPair.swift */,
				448A3D4C2CF9D91100D0D758 /* QuestionRecord.swift */,
				448A3D502CFA0D7300D0D758 /* QuizSession.swift */,
				448A3D522CFA133F00D0D758 /* QuizAttempt.swift */,
				448A3D5C2CFB689600D0D758 /* Stat.swift */,
				4463003A2CFDDA1300C33BCB /* BarChartData.swift */,
			);
			path = ValueObject;
			sourceTree = "<group>";
		};
		440BE64A2CEA284700B01C1B /* Resources */ = {
			isa = PBXGroup;
			children = (
				44D6F2322CF231CD00B91BBA /* PianoSounds */,
				440BE64B2CEA285600B01C1B /* Musiqwik.ttf */,
			);
			path = Resources;
			sourceTree = "<group>";
		};
		440BE64F2CEA28F800B01C1B /* View */ = {
			isa = PBXGroup;
			children = (
				448C64E92CF883D7006D81BD /* Stats */,
				448C64E82CF883BE006D81BD /* MoreInfo */,
				448C64E72CF883B2006D81BD /* Setting */,
				448C64E62CF8839A006D81BD /* Common */,
				448C64E52CF8837E006D81BD /* Quiz */,
				44D6F3012CF72A0D00B91BBA /* Component */,
				44D6F2682CF2390F00B91BBA /* Style */,
				44C4CF052C8C617C0092C452 /* Representable */,
				4469E8D72CEB920600CC506C /* MainTabBarView.swift */,
			);
			path = View;
			sourceTree = "<group>";
		};
		4469E8CA2CEA296D00CC506C /* Enum */ = {
			isa = PBXGroup;
			children = (
				4469E8CB2CEA298100CC506C /* IntervalModifier.swift */,
				4469E8CD2CEA2D0D00CC506C /* Clef.swift */,
				4469E8D22CEA327200CC506C /* IntervalPairDirection.swift */,
				448A3D4E2CF9EBD800D0D758 /* QuizAnswerMode.swift */,
				446300332CFD8C3B00C33BCB /* Filter.swift */,
				446300352CFD8C5F00C33BCB /* SolvingStatus.swift */,
			);
			path = Enum;
			sourceTree = "<group>";
		};
		4469E8CF2CEA304800CC506C /* Protocol */ = {
			isa = PBXGroup;
			children = (
				4469E8D02CEA305700CC506C /* HasMusiqwikText.swift */,
			);
			path = Protocol;
			sourceTree = "<group>";
		};
		4469E8D42CEA373F00CC506C /* Extension */ = {
			isa = PBXGroup;
			children = (
				448A3D552CFADC9200D0D758 /* SwiftUI */,
				448A3D542CFADC8200D0D758 /* Tonic */,
				44B4B8EF2CECADAB00D344B6 /* UserDefaults+.swift */,
				4463002B2CFC2C6900C33BCB /* Int+.swift */,
				4463002F2CFC336C00C33BCB /* UIDevice+.swift */,
				446300312CFCABE100C33BCB /* Double.swift */,
				4463003E2CFE12FC00C33BCB /* String+.swift */,
			);
			path = Extension;
			sourceTree = "<group>";
		};
		448A3D402CF8B0BE00D0D758 /* CoreData */ = {
			isa = PBXGroup;
			children = (
				448A3D412CF8B0CC00D0D758 /* Persistence.swift */,
				448A3D5A2CFB637D00D0D758 /* QuizSessionManager.swift */,
			);
			path = CoreData;
			sourceTree = "<group>";
		};
		448A3D542CFADC8200D0D758 /* Tonic */ = {
			isa = PBXGroup;
			children = (
				4469E8D52CEA374800CC506C /* Tonic.Note+.swift */,
				44D6F1FE2CEF78A200B91BBA /* Tonic.Letter+.swift */,
				44D6F2D42CF4FD4700B91BBA /* Tonic.Accidental+.swift */,
			);
			path = Tonic;
			sourceTree = "<group>";
		};
		448A3D552CFADC9200D0D758 /* SwiftUI */ = {
			isa = PBXGroup;
			children = (
				448A3D562CFADC9B00D0D758 /* ColorScheme+.swift */,
			);
			path = SwiftUI;
			sourceTree = "<group>";
		};
		448C64E52CF8837E006D81BD /* Quiz */ = {
			isa = PBXGroup;
			children = (
				44C4CEF42C8C47A80092C452 /* QuizView.swift */,
			);
			path = Quiz;
			sourceTree = "<group>";
		};
		448C64E62CF8839A006D81BD /* Common */ = {
			isa = PBXGroup;
			children = (
				44D6F3022CF7388E00B91BBA /* TimerView.swift */,
				440BE63E2CE7998E00B01C1B /* IntervalTouchKeyboardView.swift */,
				440BE64D2CEA28F100B01C1B /* MusiqwikView.swift */,
				448A3D582CFAE2C400D0D758 /* ForMacStepper.swift */,
			);
			path = Common;
			sourceTree = "<group>";
		};
		448C64E72CF883B2006D81BD /* Setting */ = {
			isa = PBXGroup;
			children = (
				4469E8D92CEB92DE00CC506C /* SettingView.swift */,
				44D6F2FD2CF6EFA200B91BBA /* AppSettingView.swift */,
				44B4B8EB2CEBA12300D344B6 /* IntervalTypeSelectSettingView.swift */,
			);
			path = Setting;
			sourceTree = "<group>";
		};
		448C64E82CF883BE006D81BD /* MoreInfo */ = {
			isa = PBXGroup;
			children = (
				449FE4842CFF52E100A8D840 /* TutorialPage */,
				448C64DF2CF86122006D81BD /* MoreInfoView.swift */,
				448C64E12CF873D3006D81BD /* TutorialGuideView.swift */,
				448C64E32CF874EA006D81BD /* LicenseView.swift */,
				44A739EA2D0002210042A620 /* AppStoreScreenshotsView.swift */,
			);
			path = MoreInfo;
			sourceTree = "<group>";
		};
		448C64E92CF883D7006D81BD /* Stats */ = {
			isa = PBXGroup;
			children = (
				448C64EA2CF883F0006D81BD /* ChartView.swift */,
				448C64EC2CF88623006D81BD /* StatsView.swift */,
			);
			path = Stats;
			sourceTree = "<group>";
		};
		449FE4842CFF52E100A8D840 /* TutorialPage */ = {
			isa = PBXGroup;
			children = (
				449FE4852CFF550C00A8D840 /* ImageSlideView.swift */,
			);
			path = TutorialPage;
			sourceTree = "<group>";
		};
		44C4CEE62C8C47A80092C452 = {
			isa = PBXGroup;
			children = (
				44C4CEF12C8C47A80092C452 /* MusicIntervalQuizMaster */,
				44D6F1F62CEF73A400B91BBA /* MusicIntervalQuizMasterTests */,
				44C4CEF02C8C47A80092C452 /* Products */,
			);
			sourceTree = "<group>";
		};
		44C4CEF02C8C47A80092C452 /* Products */ = {
			isa = PBXGroup;
			children = (
				44C4CEEF2C8C47A80092C452 /* MusicIntervalQuizMaster.app */,
				44D6F1F52CEF73A400B91BBA /* MusicIntervalQuizMasterTests.xctest */,
			);
			name = Products;
			sourceTree = "<group>";
		};
		44C4CEF12C8C47A80092C452 /* MusicIntervalQuizMaster */ = {
			isa = PBXGroup;
			children = (
				4463002A2CFB86EE00C33BCB /* Info.plist */,
				44D6F2D82CF60F0700B91BBA /* Module */,
				448A3D402CF8B0BE00D0D758 /* CoreData */,
				44D6F2CF2CF4CB7600B91BBA /* Helper */,
				44D6F2652CF2324500B91BBA /* Manager */,
				4469E8D42CEA373F00CC506C /* Extension */,
				4469E8CF2CEA304800CC506C /* Protocol */,
				4469E8CA2CEA296D00CC506C /* Enum */,
				440BE64A2CEA284700B01C1B /* Resources */,
				44C4CF012C8C5C0A0092C452 /* ViewModel */,
				440BE64F2CEA28F800B01C1B /* View */,
				440BE6402CE799A900B01C1B /* ValueObject */,
				44C4CF002C8C5BFD0092C452 /* MusicIntervalQuizMaster.entitlements */,
				44C4CEF22C8C47A80092C452 /* MusicIntervalQuizMasterApp.swift */,
				440BE6482CEA282F00B01C1B /* FontManager.swift */,
				44B4B8ED2CEBA39400D344B6 /* GlobalVariables.swift */,
				44C4CEF62C8C47A90092C452 /* Assets.xcassets */,
				44C4CEF82C8C47A90092C452 /* Preview Content */,
				448A3D432CF8B12900D0D758 /* MusicIntervalQuizMaster.xcdatamodeld */,
				446300402CFE15CC00C33BCB /* Localizable.strings */,
				44A739EC2D0037EA0042A620 /* PrivacyInfo.xcprivacy */,
			);
			path = MusicIntervalQuizMaster;
			sourceTree = "<group>";
		};
		44C4CEF82C8C47A90092C452 /* Preview Content */ = {
			isa = PBXGroup;
			children = (
				44C4CEF92C8C47A90092C452 /* Preview Assets.xcassets */,
			);
			path = "Preview Content";
			sourceTree = "<group>";
		};
		44C4CF012C8C5C0A0092C452 /* ViewModel */ = {
			isa = PBXGroup;
			children = (
				440BE63C2CE7994000B01C1B /* QuizViewModel.swift */,
				440BE6442CE799DB00B01C1B /* IntervalTouchKeyboardViewModel.swift */,
				44D6F1ED2CECB34D00B91BBA /* SettingViewModel.swift */,
				446300282CFB807800C33BCB /* StatsViewModel.swift */,
			);
			path = ViewModel;
			sourceTree = "<group>";
		};
		44C4CF052C8C617C0092C452 /* Representable */ = {
			isa = PBXGroup;
			children = (
				440BE6462CE79FA900B01C1B /* ReadOnlyTextFieldRPView.swift */,
				4463002D2CFC30E500C33BCB /* MailRPView.swift */,
			);
			path = Representable;
			sourceTree = "<group>";
		};
		44D6F1F62CEF73A400B91BBA /* MusicIntervalQuizMasterTests */ = {
			isa = PBXGroup;
			children = (
				44D6F2D22CF4CD2500B91BBA /* IntervalHelperTests.swift */,
				44D6F1F72CEF73A400B91BBA /* MusicIntervalQuizMasterTests.swift */,
			);
			path = MusicIntervalQuizMasterTests;
			sourceTree = "<group>";
		};
		44D6F2322CF231CD00B91BBA /* PianoSounds */ = {
			isa = PBXGroup;
			children = (
				44D6F26D2CF245E100B91BBA /* Piano_BPM60_4B2E_34.mp3 */,
				44D6F2992CF245E200B91BBA /* Piano_BPM60_4B2E_35.mp3 */,
				44D6F2882CF245E200B91BBA /* Piano_BPM60_4B2E_36.mp3 */,
				44D6F29A2CF245E300B91BBA /* Piano_BPM60_4B2E_37.mp3 */,
				44D6F28B2CF245E200B91BBA /* Piano_BPM60_4B2E_38.mp3 */,
				44D6F26E2CF245E100B91BBA /* Piano_BPM60_4B2E_39.mp3 */,
				44D6F2762CF245E100B91BBA /* Piano_BPM60_4B2E_40.mp3 */,
				44D6F2772CF245E100B91BBA /* Piano_BPM60_4B2E_41.mp3 */,
				44D6F28C2CF245E200B91BBA /* Piano_BPM60_4B2E_42.mp3 */,
				44D6F2842CF245E200B91BBA /* Piano_BPM60_4B2E_43.mp3 */,
				44D6F2722CF245E100B91BBA /* Piano_BPM60_4B2E_44.mp3 */,
				44D6F2742CF245E100B91BBA /* Piano_BPM60_4B2E_45.mp3 */,
				44D6F27A2CF245E100B91BBA /* Piano_BPM60_4B2E_46.mp3 */,
				44D6F26F2CF245E100B91BBA /* Piano_BPM60_4B2E_47.mp3 */,
				44D6F27B2CF245E100B91BBA /* Piano_BPM60_4B2E_48.mp3 */,
				44D6F2952CF245E200B91BBA /* Piano_BPM60_4B2E_49.mp3 */,
				44D6F27C2CF245E100B91BBA /* Piano_BPM60_4B2E_50.mp3 */,
				44D6F2792CF245E100B91BBA /* Piano_BPM60_4B2E_51.mp3 */,
				44D6F2782CF245E100B91BBA /* Piano_BPM60_4B2E_52.mp3 */,
				44D6F2862CF245E200B91BBA /* Piano_BPM60_4B2E_53.mp3 */,
				44D6F2712CF245E100B91BBA /* Piano_BPM60_4B2E_54.mp3 */,
				44D6F2932CF245E200B91BBA /* Piano_BPM60_4B2E_55.mp3 */,
				44D6F27F2CF245E100B91BBA /* Piano_BPM60_4B2E_56.mp3 */,
				44D6F2902CF245E200B91BBA /* Piano_BPM60_4B2E_57.mp3 */,
				44D6F28E2CF245E200B91BBA /* Piano_BPM60_4B2E_58.mp3 */,
				44D6F2892CF245E200B91BBA /* Piano_BPM60_4B2E_59.mp3 */,
				44D6F2852CF245E200B91BBA /* Piano_BPM60_4B2E_60.mp3 */,
				44D6F28A2CF245E200B91BBA /* Piano_BPM60_4B2E_61.mp3 */,
				44D6F27E2CF245E100B91BBA /* Piano_BPM60_4B2E_62.mp3 */,
				44D6F2912CF245E200B91BBA /* Piano_BPM60_4B2E_63.mp3 */,
				44D6F26C2CF245E100B91BBA /* Piano_BPM60_4B2E_64.mp3 */,
				44D6F2982CF245E200B91BBA /* Piano_BPM60_4B2E_65.mp3 */,
				44D6F2832CF245E200B91BBA /* Piano_BPM60_4B2E_66.mp3 */,
				44D6F2802CF245E100B91BBA /* Piano_BPM60_4B2E_67.mp3 */,
				44D6F2872CF245E200B91BBA /* Piano_BPM60_4B2E_68.mp3 */,
				44D6F2732CF245E100B91BBA /* Piano_BPM60_4B2E_69.mp3 */,
				44D6F2962CF245E200B91BBA /* Piano_BPM60_4B2E_70.mp3 */,
				44D6F27D2CF245E100B91BBA /* Piano_BPM60_4B2E_71.mp3 */,
				44D6F2812CF245E200B91BBA /* Piano_BPM60_4B2E_72.mp3 */,
				44D6F28F2CF245E200B91BBA /* Piano_BPM60_4B2E_73.mp3 */,
				44D6F2752CF245E100B91BBA /* Piano_BPM60_4B2E_74.mp3 */,
				44D6F2702CF245E100B91BBA /* Piano_BPM60_4B2E_75.mp3 */,
				44D6F29B2CF245E300B91BBA /* Piano_BPM60_4B2E_76.mp3 */,
				44D6F28D2CF245E200B91BBA /* Piano_BPM60_4B2E_77.mp3 */,
				44D6F26B2CF245E100B91BBA /* Piano_BPM60_4B2E_78.mp3 */,
				44D6F29C2CF245E300B91BBA /* Piano_BPM60_4B2E_79.mp3 */,
				44D6F2922CF245E200B91BBA /* Piano_BPM60_4B2E_80.mp3 */,
				44D6F2822CF245E200B91BBA /* Piano_BPM60_4B2E_81.mp3 */,
				44D6F2972CF245E200B91BBA /* Piano_BPM60_4B2E_82.mp3 */,
				44D6F2942CF245E200B91BBA /* Piano_BPM60_4B2E_83.mp3 */,
			);
			path = PianoSounds;
			sourceTree = "<group>";
		};
		44D6F2652CF2324500B91BBA /* Manager */ = {
			isa = PBXGroup;
			children = (
				44753C4B2D4C9796003F82FA /* LocalNotiManager.swift */,
				44D6F2662CF2324F00B91BBA /* SoundManager.swift */,
				44D6F2D62CF5E4CF00B91BBA /* HapticManager.swift */,
			);
			path = Manager;
			sourceTree = "<group>";
		};
		44D6F2682CF2390F00B91BBA /* Style */ = {
			isa = PBXGroup;
			children = (
				44D6F2692CF2392900B91BBA /* EmbossedButtonStyle.swift */,
			);
			path = Style;
			sourceTree = "<group>";
		};
		44D6F2CF2CF4CB7600B91BBA /* Helper */ = {
			isa = PBXGroup;
			children = (
				44D6F2D02CF4CB8100B91BBA /* IntervalHelper.swift */,
			);
			path = Helper;
			sourceTree = "<group>";
		};
		44D6F2D82CF60F0700B91BBA /* Module */ = {
			isa = PBXGroup;
			children = (
				44D6F2EB2CF60F1500B91BBA /* AlertKit */,
			);
			path = Module;
			sourceTree = "<group>";
		};
		44D6F2DC2CF60F1500B91BBA /* Extensions */ = {
			isa = PBXGroup;
			children = (
				44D6F2D92CF60F1500B91BBA /* SwiftUIExtension.swift */,
				44D6F2DA2CF60F1500B91BBA /* UIFontExtension.swift */,
				44D6F2DB2CF60F1500B91BBA /* UILabelExtension.swift */,
			);
			path = Extensions;
			sourceTree = "<group>";
		};
		44D6F2E12CF60F1500B91BBA /* Icons */ = {
			isa = PBXGroup;
			children = (
				44D6F2DD2CF60F1500B91BBA /* AlertIconDoneView.swift */,
				44D6F2DE2CF60F1500B91BBA /* AlertIconErrorView.swift */,
				44D6F2DF2CF60F1500B91BBA /* AlertIconHeartView.swift */,
				44D6F2E02CF60F1500B91BBA /* AlertSpinnerView.swift */,
			);
			path = Icons;
			sourceTree = "<group>";
		};
		44D6F2E62CF60F1500B91BBA /* Views */ = {
			isa = PBXGroup;
			children = (
				44D6F2E22CF60F1500B91BBA /* AlertAppleMusic16View.swift */,
				44D6F2E32CF60F1500B91BBA /* AlertAppleMusic17View.swift */,
				44D6F2E42CF60F1500B91BBA /* AlertViewInternalDismissProtocol.swift */,
				44D6F2E52CF60F1500B91BBA /* AlertViewProtocol.swift */,
				44D6F2FB2CF611CC00B91BBA /* CustomAlertView.swift */,
			);
			path = Views;
			sourceTree = "<group>";
		};
		44D6F2EB2CF60F1500B91BBA /* AlertKit */ = {
			isa = PBXGroup;
			children = (
				44D6F2DC2CF60F1500B91BBA /* Extensions */,
				44D6F2E12CF60F1500B91BBA /* Icons */,
				44D6F2E62CF60F1500B91BBA /* Views */,
				44D6F2E72CF60F1500B91BBA /* AlertHaptic.swift */,
				44D6F2E82CF60F1500B91BBA /* AlertIcon.swift */,
				44D6F2E92CF60F1500B91BBA /* AlertKitAPI.swift */,
				44D6F2EA2CF60F1500B91BBA /* AlertViewStyle.swift */,
			);
			path = AlertKit;
			sourceTree = "<group>";
		};
		44D6F3012CF72A0D00B91BBA /* Component */ = {
			isa = PBXGroup;
			children = (
				44D6F2FF2CF729F700B91BBA /* CircularProgressBar.swift */,
			);
			path = Component;
			sourceTree = "<group>";
		};
/* End PBXGroup section */

/* Begin PBXNativeTarget section */
		44C4CEEE2C8C47A80092C452 /* MusicIntervalQuizMaster */ = {
			isa = PBXNativeTarget;
			buildConfigurationList = 44C4CEFD2C8C47A90092C452 /* Build configuration list for PBXNativeTarget "MusicIntervalQuizMaster" */;
			buildPhases = (
				44C4CEEB2C8C47A80092C452 /* Sources */,
				44C4CEEC2C8C47A80092C452 /* Frameworks */,
				44C4CEED2C8C47A80092C452 /* Resources */,
			);
			buildRules = (
			);
			dependencies = (
			);
			name = MusicIntervalQuizMaster;
			packageProductDependencies = (
				44B4B8E82CEB9D7400D344B6 /* Tonic */,
			);
			productName = MusicIntervalQuizMaster;
			productReference = 44C4CEEF2C8C47A80092C452 /* MusicIntervalQuizMaster.app */;
			productType = "com.apple.product-type.application";
		};
		44D6F1F42CEF73A400B91BBA /* MusicIntervalQuizMasterTests */ = {
			isa = PBXNativeTarget;
			buildConfigurationList = 44D6F1FB2CEF73A400B91BBA /* Build configuration list for PBXNativeTarget "MusicIntervalQuizMasterTests" */;
			buildPhases = (
				44D6F1F12CEF73A400B91BBA /* Sources */,
				44D6F1F22CEF73A400B91BBA /* Frameworks */,
				44D6F1F32CEF73A400B91BBA /* Resources */,
			);
			buildRules = (
			);
			dependencies = (
				44D6F1FA2CEF73A400B91BBA /* PBXTargetDependency */,
			);
			name = MusicIntervalQuizMasterTests;
			productName = MusicIntervalQuizMasterTests;
			productReference = 44D6F1F52CEF73A400B91BBA /* MusicIntervalQuizMasterTests.xctest */;
			productType = "com.apple.product-type.bundle.unit-test";
		};
/* End PBXNativeTarget section */

/* Begin PBXProject section */
		44C4CEE72C8C47A80092C452 /* Project object */ = {
			isa = PBXProject;
			attributes = {
				BuildIndependentTargetsInParallel = 1;
				LastSwiftUpdateCheck = 1540;
				LastUpgradeCheck = 1610;
				TargetAttributes = {
					44C4CEEE2C8C47A80092C452 = {
						CreatedOnToolsVersion = 15.4;
					};
					44D6F1F42CEF73A400B91BBA = {
						CreatedOnToolsVersion = 15.4;
						TestTargetID = 44C4CEEE2C8C47A80092C452;
					};
				};
			};
			buildConfigurationList = 44C4CEEA2C8C47A80092C452 /* Build configuration list for PBXProject "MusicIntervalQuizMaster" */;
			compatibilityVersion = "Xcode 14.0";
			developmentRegion = en;
			hasScannedForEncodings = 0;
			knownRegions = (
				en,
				Base,
				ko,
				ja,
			);
			mainGroup = 44C4CEE62C8C47A80092C452;
			packageReferences = (
				44B4B8E72CEB9D7400D344B6 /* XCRemoteSwiftPackageReference "Tonic" */,
			);
			productRefGroup = 44C4CEF02C8C47A80092C452 /* Products */;
			projectDirPath = "";
			projectRoot = "";
			targets = (
				44C4CEEE2C8C47A80092C452 /* MusicIntervalQuizMaster */,
				44D6F1F42CEF73A400B91BBA /* MusicIntervalQuizMasterTests */,
			);
		};
/* End PBXProject section */

/* Begin PBXResourcesBuildPhase section */
		44C4CEED2C8C47A80092C452 /* Resources */ = {
			isa = PBXResourcesBuildPhase;
			buildActionMask = 2147483647;
			files = (
				44D6F2A92CF245E300B91BBA /* Piano_BPM60_4B2E_41.mp3 in Resources */,
				44D6F29F2CF245E300B91BBA /* Piano_BPM60_4B2E_34.mp3 in Resources */,
				44D6F2A22CF245E300B91BBA /* Piano_BPM60_4B2E_75.mp3 in Resources */,
				44D6F2AF2CF245E300B91BBA /* Piano_BPM60_4B2E_71.mp3 in Resources */,
				44D6F29E2CF245E300B91BBA /* Piano_BPM60_4B2E_64.mp3 in Resources */,
				440BE64C2CEA285600B01C1B /* Musiqwik.ttf in Resources */,
				44D6F2CC2CF245E300B91BBA /* Piano_BPM60_4B2E_37.mp3 in Resources */,
				44D6F2B82CF245E300B91BBA /* Piano_BPM60_4B2E_53.mp3 in Resources */,
				44D6F2CD2CF245E300B91BBA /* Piano_BPM60_4B2E_76.mp3 in Resources */,
				44D6F2CB2CF245E300B91BBA /* Piano_BPM60_4B2E_35.mp3 in Resources */,
				44D6F2AE2CF245E300B91BBA /* Piano_BPM60_4B2E_50.mp3 in Resources */,
				44D6F2C02CF245E300B91BBA /* Piano_BPM60_4B2E_58.mp3 in Resources */,
				44D6F2B22CF245E300B91BBA /* Piano_BPM60_4B2E_67.mp3 in Resources */,
				44D6F2B92CF245E300B91BBA /* Piano_BPM60_4B2E_68.mp3 in Resources */,
				44D6F2AB2CF245E300B91BBA /* Piano_BPM60_4B2E_51.mp3 in Resources */,
				44D6F2C42CF245E300B91BBA /* Piano_BPM60_4B2E_80.mp3 in Resources */,
				44C4CEFA2C8C47A90092C452 /* Preview Assets.xcassets in Resources */,
				44D6F2A02CF245E300B91BBA /* Piano_BPM60_4B2E_39.mp3 in Resources */,
				44D6F2BF2CF245E300B91BBA /* Piano_BPM60_4B2E_77.mp3 in Resources */,
				44D6F2C82CF245E300B91BBA /* Piano_BPM60_4B2E_70.mp3 in Resources */,
				44D6F2BB2CF245E300B91BBA /* Piano_BPM60_4B2E_59.mp3 in Resources */,
				44D6F2CE2CF245E300B91BBA /* Piano_BPM60_4B2E_79.mp3 in Resources */,
				44D6F29D2CF245E300B91BBA /* Piano_BPM60_4B2E_78.mp3 in Resources */,
				44A739ED2D0037EA0042A620 /* PrivacyInfo.xcprivacy in Resources */,
				44D6F2C72CF245E300B91BBA /* Piano_BPM60_4B2E_49.mp3 in Resources */,
				44D6F2A42CF245E300B91BBA /* Piano_BPM60_4B2E_44.mp3 in Resources */,
				44D6F2C92CF245E300B91BBA /* Piano_BPM60_4B2E_82.mp3 in Resources */,
				44D6F2AC2CF245E300B91BBA /* Piano_BPM60_4B2E_46.mp3 in Resources */,
				44D6F2AD2CF245E300B91BBA /* Piano_BPM60_4B2E_48.mp3 in Resources */,
				44D6F2C62CF245E300B91BBA /* Piano_BPM60_4B2E_83.mp3 in Resources */,
				44D6F2C52CF245E300B91BBA /* Piano_BPM60_4B2E_55.mp3 in Resources */,
				44D6F2B52CF245E300B91BBA /* Piano_BPM60_4B2E_66.mp3 in Resources */,
				446300422CFE15CC00C33BCB /* Localizable.strings in Resources */,
				44D6F2B12CF245E300B91BBA /* Piano_BPM60_4B2E_56.mp3 in Resources */,
				44D6F2B32CF245E300B91BBA /* Piano_BPM60_4B2E_72.mp3 in Resources */,
				44D6F2B62CF245E300B91BBA /* Piano_BPM60_4B2E_43.mp3 in Resources */,
				44D6F2B72CF245E300B91BBA /* Piano_BPM60_4B2E_60.mp3 in Resources */,
				44D6F2A62CF245E300B91BBA /* Piano_BPM60_4B2E_45.mp3 in Resources */,
				44D6F2B42CF245E300B91BBA /* Piano_BPM60_4B2E_81.mp3 in Resources */,
				44D6F2CA2CF245E300B91BBA /* Piano_BPM60_4B2E_65.mp3 in Resources */,
				44D6F2BA2CF245E300B91BBA /* Piano_BPM60_4B2E_36.mp3 in Resources */,
				44D6F2A12CF245E300B91BBA /* Piano_BPM60_4B2E_47.mp3 in Resources */,
				44D6F2C12CF245E300B91BBA /* Piano_BPM60_4B2E_73.mp3 in Resources */,
				44D6F2A72CF245E300B91BBA /* Piano_BPM60_4B2E_74.mp3 in Resources */,
				44D6F2BC2CF245E300B91BBA /* Piano_BPM60_4B2E_61.mp3 in Resources */,
				44D6F2A32CF245E300B91BBA /* Piano_BPM60_4B2E_54.mp3 in Resources */,
				44D6F2BD2CF245E300B91BBA /* Piano_BPM60_4B2E_38.mp3 in Resources */,
				44D6F2C32CF245E300B91BBA /* Piano_BPM60_4B2E_63.mp3 in Resources */,
				44D6F2C22CF245E300B91BBA /* Piano_BPM60_4B2E_57.mp3 in Resources */,
				44D6F2A52CF245E300B91BBA /* Piano_BPM60_4B2E_69.mp3 in Resources */,
				44C4CEF72C8C47A90092C452 /* Assets.xcassets in Resources */,
				44D6F2AA2CF245E300B91BBA /* Piano_BPM60_4B2E_52.mp3 in Resources */,
				44D6F2B02CF245E300B91BBA /* Piano_BPM60_4B2E_62.mp3 in Resources */,
				44D6F2BE2CF245E300B91BBA /* Piano_BPM60_4B2E_42.mp3 in Resources */,
				44D6F2A82CF245E300B91BBA /* Piano_BPM60_4B2E_40.mp3 in Resources */,
			);
			runOnlyForDeploymentPostprocessing = 0;
		};
		44D6F1F32CEF73A400B91BBA /* Resources */ = {
			isa = PBXResourcesBuildPhase;
			buildActionMask = 2147483647;
			files = (
			);
			runOnlyForDeploymentPostprocessing = 0;
		};
/* End PBXResourcesBuildPhase section */

/* Begin PBXSourcesBuildPhase section */
		44C4CEEB2C8C47A80092C452 /* Sources */ = {
			isa = PBXSourcesBuildPhase;
			buildActionMask = 2147483647;
			files = (
				448A3D532CFA133F00D0D758 /* QuizAttempt.swift in Sources */,
				448A3D512CFA0D7300D0D758 /* QuizSession.swift in Sources */,
				44D6F3032CF7388E00B91BBA /* TimerView.swift in Sources */,
				446300302CFC336C00C33BCB /* UIDevice+.swift in Sources */,
				44D6F2F22CF60F1500B91BBA /* AlertSpinnerView.swift in Sources */,
				4469E8CC2CEA298100CC506C /* IntervalModifier.swift in Sources */,
				448A3D592CFAE2C400D0D758 /* ForMacStepper.swift in Sources */,
				44D6F2F52CF60F1500B91BBA /* AlertViewInternalDismissProtocol.swift in Sources */,
				44B4B8EC2CEBA12300D344B6 /* IntervalTypeSelectSettingView.swift in Sources */,
				44D6F2F12CF60F1500B91BBA /* AlertIconHeartView.swift in Sources */,
				440BE6422CE799B500B01C1B /* IntervalPair.swift in Sources */,
				4469E8CE2CEA2D0D00CC506C /* Clef.swift in Sources */,
				440BE6452CE799DB00B01C1B /* IntervalTouchKeyboardViewModel.swift in Sources */,
				446300342CFD8C3B00C33BCB /* Filter.swift in Sources */,
				448C64EB2CF883F0006D81BD /* ChartView.swift in Sources */,
				448C64E42CF874EA006D81BD /* LicenseView.swift in Sources */,
				4469E8DA2CEB92DE00CC506C /* SettingView.swift in Sources */,
				44C4CEF32C8C47A80092C452 /* MusicIntervalQuizMasterApp.swift in Sources */,
				449FE4862CFF550C00A8D840 /* ImageSlideView.swift in Sources */,
				440BE63F2CE7998E00B01C1B /* IntervalTouchKeyboardView.swift in Sources */,
				44D6F2D72CF5E4CF00B91BBA /* HapticManager.swift in Sources */,
				448C64ED2CF88623006D81BD /* StatsView.swift in Sources */,
				44D6F2ED2CF60F1500B91BBA /* UIFontExtension.swift in Sources */,
				446300292CFB807800C33BCB /* StatsViewModel.swift in Sources */,
				4463002C2CFC2C6900C33BCB /* Int+.swift in Sources */,
				44D6F2F92CF60F1500B91BBA /* AlertKitAPI.swift in Sources */,
				44D6F2F62CF60F1500B91BBA /* AlertViewProtocol.swift in Sources */,
				44D6F2672CF2324F00B91BBA /* SoundManager.swift in Sources */,
				440BE6472CE79FA900B01C1B /* ReadOnlyTextFieldRPView.swift in Sources */,
				44D6F2F82CF60F1500B91BBA /* AlertIcon.swift in Sources */,
				44D6F2F42CF60F1500B91BBA /* AlertAppleMusic17View.swift in Sources */,
				448A3D452CF8B12900D0D758 /* MusicIntervalQuizMaster.xcdatamodeld in Sources */,
				448A3D5B2CFB637D00D0D758 /* QuizSessionManager.swift in Sources */,
				448C64E02CF86122006D81BD /* MoreInfoView.swift in Sources */,
				4469E8D32CEA327300CC506C /* IntervalPairDirection.swift in Sources */,
				44D6F2D12CF4CB8100B91BBA /* IntervalHelper.swift in Sources */,
				44D6F1FF2CEF78A200B91BBA /* Tonic.Letter+.swift in Sources */,
				4463003B2CFDDA1300C33BCB /* BarChartData.swift in Sources */,
				448C64EE2CF88785006D81BD /* QuizView.swift in Sources */,
				448A3D5D2CFB689600D0D758 /* Stat.swift in Sources */,
				448C64E22CF873D3006D81BD /* TutorialGuideView.swift in Sources */,
				44D6F2EE2CF60F1500B91BBA /* UILabelExtension.swift in Sources */,
				440BE64E2CEA28F100B01C1B /* MusiqwikView.swift in Sources */,
				44D6F2D52CF4FD4700B91BBA /* Tonic.Accidental+.swift in Sources */,
				4463003F2CFE12FC00C33BCB /* String+.swift in Sources */,
				44D6F1EE2CECB34D00B91BBA /* SettingViewModel.swift in Sources */,
				448A3D572CFADC9B00D0D758 /* ColorScheme+.swift in Sources */,
				446300322CFCABE100C33BCB /* Double.swift in Sources */,
				44D6F2EC2CF60F1500B91BBA /* SwiftUIExtension.swift in Sources */,
				448A3D4F2CF9EBD800D0D758 /* QuizAnswerMode.swift in Sources */,
				44B4B8F02CECADAB00D344B6 /* UserDefaults+.swift in Sources */,
				44A739EB2D0002210042A620 /* AppStoreScreenshotsView.swift in Sources */,
				44D6F2FA2CF60F1500B91BBA /* AlertViewStyle.swift in Sources */,
				446300362CFD8C5F00C33BCB /* SolvingStatus.swift in Sources */,
				448A3D422CF8B0CC00D0D758 /* Persistence.swift in Sources */,
				448A3D4D2CF9D91100D0D758 /* QuestionRecord.swift in Sources */,
				44B4B8EE2CEBA39400D344B6 /* GlobalVariables.swift in Sources */,
				44753C4C2D4C979B003F82FA /* LocalNotiManager.swift in Sources */,
				4469E8D82CEB920600CC506C /* MainTabBarView.swift in Sources */,
				44D6F2F72CF60F1500B91BBA /* AlertHaptic.swift in Sources */,
				440BE6492CEA282F00B01C1B /* FontManager.swift in Sources */,
				44D6F2F02CF60F1500B91BBA /* AlertIconErrorView.swift in Sources */,
				4469E8D62CEA374800CC506C /* Tonic.Note+.swift in Sources */,
				44D6F2FC2CF611CC00B91BBA /* CustomAlertView.swift in Sources */,
				44D6F3002CF729F700B91BBA /* CircularProgressBar.swift in Sources */,
				44D6F2F32CF60F1500B91BBA /* AlertAppleMusic16View.swift in Sources */,
				44D6F2EF2CF60F1500B91BBA /* AlertIconDoneView.swift in Sources */,
				440BE63D2CE7994000B01C1B /* QuizViewModel.swift in Sources */,
				44D6F26A2CF2392900B91BBA /* EmbossedButtonStyle.swift in Sources */,
				4469E8D12CEA305700CC506C /* HasMusiqwikText.swift in Sources */,
				4463002E2CFC30E500C33BCB /* MailRPView.swift in Sources */,
				44D6F2FE2CF6EFA200B91BBA /* AppSettingView.swift in Sources */,
			);
			runOnlyForDeploymentPostprocessing = 0;
		};
		44D6F1F12CEF73A400B91BBA /* Sources */ = {
			isa = PBXSourcesBuildPhase;
			buildActionMask = 2147483647;
			files = (
				44D6F2D32CF4CD2500B91BBA /* IntervalHelperTests.swift in Sources */,
				44D6F1F82CEF73A400B91BBA /* MusicIntervalQuizMasterTests.swift in Sources */,
			);
			runOnlyForDeploymentPostprocessing = 0;
		};
/* End PBXSourcesBuildPhase section */

/* Begin PBXTargetDependency section */
		44D6F1FA2CEF73A400B91BBA /* PBXTargetDependency */ = {
			isa = PBXTargetDependency;
			target = 44C4CEEE2C8C47A80092C452 /* MusicIntervalQuizMaster */;
			targetProxy = 44D6F1F92CEF73A400B91BBA /* PBXContainerItemProxy */;
		};
/* End PBXTargetDependency section */

/* Begin PBXVariantGroup section */
		446300402CFE15CC00C33BCB /* Localizable.strings */ = {
			isa = PBXVariantGroup;
			children = (
				446300412CFE15CC00C33BCB /* en */,
				446300432CFE15D000C33BCB /* ko */,
				449FE4832CFF152B00A8D840 /* ja */,
			);
			name = Localizable.strings;
			sourceTree = "<group>";
		};
/* End PBXVariantGroup section */

/* Begin XCBuildConfiguration section */
		44C4CEFB2C8C47A90092C452 /* Debug */ = {
			isa = XCBuildConfiguration;
			buildSettings = {
				ALWAYS_SEARCH_USER_PATHS = NO;
				ASSETCATALOG_COMPILER_GENERATE_SWIFT_ASSET_SYMBOL_EXTENSIONS = YES;
				CLANG_ANALYZER_LOCALIZABILITY_NONLOCALIZED = YES;
				CLANG_ANALYZER_NONNULL = YES;
				CLANG_ANALYZER_NUMBER_OBJECT_CONVERSION = YES_AGGRESSIVE;
				CLANG_CXX_LANGUAGE_STANDARD = "gnu++20";
				CLANG_ENABLE_MODULES = YES;
				CLANG_ENABLE_OBJC_ARC = YES;
				CLANG_ENABLE_OBJC_WEAK = YES;
				CLANG_WARN_BLOCK_CAPTURE_AUTORELEASING = YES;
				CLANG_WARN_BOOL_CONVERSION = YES;
				CLANG_WARN_COMMA = YES;
				CLANG_WARN_CONSTANT_CONVERSION = YES;
				CLANG_WARN_DEPRECATED_OBJC_IMPLEMENTATIONS = YES;
				CLANG_WARN_DIRECT_OBJC_ISA_USAGE = YES_ERROR;
				CLANG_WARN_DOCUMENTATION_COMMENTS = YES;
				CLANG_WARN_EMPTY_BODY = YES;
				CLANG_WARN_ENUM_CONVERSION = YES;
				CLANG_WARN_INFINITE_RECURSION = YES;
				CLANG_WARN_INT_CONVERSION = YES;
				CLANG_WARN_NON_LITERAL_NULL_CONVERSION = YES;
				CLANG_WARN_OBJC_IMPLICIT_RETAIN_SELF = YES;
				CLANG_WARN_OBJC_LITERAL_CONVERSION = YES;
				CLANG_WARN_OBJC_ROOT_CLASS = YES_ERROR;
				CLANG_WARN_QUOTED_INCLUDE_IN_FRAMEWORK_HEADER = YES;
				CLANG_WARN_RANGE_LOOP_ANALYSIS = YES;
				CLANG_WARN_STRICT_PROTOTYPES = YES;
				CLANG_WARN_SUSPICIOUS_MOVE = YES;
				CLANG_WARN_UNGUARDED_AVAILABILITY = YES_AGGRESSIVE;
				CLANG_WARN_UNREACHABLE_CODE = YES;
				CLANG_WARN__DUPLICATE_METHOD_MATCH = YES;
				COPY_PHASE_STRIP = NO;
				DEBUG_INFORMATION_FORMAT = dwarf;
				ENABLE_STRICT_OBJC_MSGSEND = YES;
				ENABLE_TESTABILITY = YES;
				ENABLE_USER_SCRIPT_SANDBOXING = YES;
				GCC_C_LANGUAGE_STANDARD = gnu17;
				GCC_DYNAMIC_NO_PIC = NO;
				GCC_NO_COMMON_BLOCKS = YES;
				GCC_OPTIMIZATION_LEVEL = 0;
				GCC_PREPROCESSOR_DEFINITIONS = (
					"DEBUG=1",
					"$(inherited)",
				);
				GCC_WARN_64_TO_32_BIT_CONVERSION = YES;
				GCC_WARN_ABOUT_RETURN_TYPE = YES_ERROR;
				GCC_WARN_UNDECLARED_SELECTOR = YES;
				GCC_WARN_UNINITIALIZED_AUTOS = YES_AGGRESSIVE;
				GCC_WARN_UNUSED_FUNCTION = YES;
				GCC_WARN_UNUSED_VARIABLE = YES;
				IPHONEOS_DEPLOYMENT_TARGET = 16.0;
				LOCALIZATION_PREFERS_STRING_CATALOGS = YES;
				MTL_ENABLE_DEBUG_INFO = INCLUDE_SOURCE;
				MTL_FAST_MATH = YES;
				ONLY_ACTIVE_ARCH = YES;
				SDKROOT = iphoneos;
				SWIFT_ACTIVE_COMPILATION_CONDITIONS = "DEBUG $(inherited)";
				SWIFT_OPTIMIZATION_LEVEL = "-Onone";
			};
			name = Debug;
		};
		44C4CEFC2C8C47A90092C452 /* Release */ = {
			isa = XCBuildConfiguration;
			buildSettings = {
				ALWAYS_SEARCH_USER_PATHS = NO;
				ASSETCATALOG_COMPILER_GENERATE_SWIFT_ASSET_SYMBOL_EXTENSIONS = YES;
				CLANG_ANALYZER_LOCALIZABILITY_NONLOCALIZED = YES;
				CLANG_ANALYZER_NONNULL = YES;
				CLANG_ANALYZER_NUMBER_OBJECT_CONVERSION = YES_AGGRESSIVE;
				CLANG_CXX_LANGUAGE_STANDARD = "gnu++20";
				CLANG_ENABLE_MODULES = YES;
				CLANG_ENABLE_OBJC_ARC = YES;
				CLANG_ENABLE_OBJC_WEAK = YES;
				CLANG_WARN_BLOCK_CAPTURE_AUTORELEASING = YES;
				CLANG_WARN_BOOL_CONVERSION = YES;
				CLANG_WARN_COMMA = YES;
				CLANG_WARN_CONSTANT_CONVERSION = YES;
				CLANG_WARN_DEPRECATED_OBJC_IMPLEMENTATIONS = YES;
				CLANG_WARN_DIRECT_OBJC_ISA_USAGE = YES_ERROR;
				CLANG_WARN_DOCUMENTATION_COMMENTS = YES;
				CLANG_WARN_EMPTY_BODY = YES;
				CLANG_WARN_ENUM_CONVERSION = YES;
				CLANG_WARN_INFINITE_RECURSION = YES;
				CLANG_WARN_INT_CONVERSION = YES;
				CLANG_WARN_NON_LITERAL_NULL_CONVERSION = YES;
				CLANG_WARN_OBJC_IMPLICIT_RETAIN_SELF = YES;
				CLANG_WARN_OBJC_LITERAL_CONVERSION = YES;
				CLANG_WARN_OBJC_ROOT_CLASS = YES_ERROR;
				CLANG_WARN_QUOTED_INCLUDE_IN_FRAMEWORK_HEADER = YES;
				CLANG_WARN_RANGE_LOOP_ANALYSIS = YES;
				CLANG_WARN_STRICT_PROTOTYPES = YES;
				CLANG_WARN_SUSPICIOUS_MOVE = YES;
				CLANG_WARN_UNGUARDED_AVAILABILITY = YES_AGGRESSIVE;
				CLANG_WARN_UNREACHABLE_CODE = YES;
				CLANG_WARN__DUPLICATE_METHOD_MATCH = YES;
				COPY_PHASE_STRIP = NO;
				DEBUG_INFORMATION_FORMAT = "dwarf-with-dsym";
				ENABLE_NS_ASSERTIONS = NO;
				ENABLE_STRICT_OBJC_MSGSEND = YES;
				ENABLE_USER_SCRIPT_SANDBOXING = YES;
				GCC_C_LANGUAGE_STANDARD = gnu17;
				GCC_NO_COMMON_BLOCKS = YES;
				GCC_WARN_64_TO_32_BIT_CONVERSION = YES;
				GCC_WARN_ABOUT_RETURN_TYPE = YES_ERROR;
				GCC_WARN_UNDECLARED_SELECTOR = YES;
				GCC_WARN_UNINITIALIZED_AUTOS = YES_AGGRESSIVE;
				GCC_WARN_UNUSED_FUNCTION = YES;
				GCC_WARN_UNUSED_VARIABLE = YES;
				IPHONEOS_DEPLOYMENT_TARGET = 16.0;
				LOCALIZATION_PREFERS_STRING_CATALOGS = YES;
				MTL_ENABLE_DEBUG_INFO = NO;
				MTL_FAST_MATH = YES;
				SDKROOT = iphoneos;
				SWIFT_COMPILATION_MODE = wholemodule;
				VALIDATE_PRODUCT = YES;
			};
			name = Release;
		};
		44C4CEFE2C8C47A90092C452 /* Debug */ = {
			isa = XCBuildConfiguration;
			buildSettings = {
				ASSETCATALOG_COMPILER_APPICON_NAME = AppIcon;
				ASSETCATALOG_COMPILER_GLOBAL_ACCENT_COLOR_NAME = AccentColor;
				CODE_SIGN_ENTITLEMENTS = MusicIntervalQuizMaster/MusicIntervalQuizMaster.entitlements;
				CODE_SIGN_STYLE = Automatic;
				CURRENT_PROJECT_VERSION = 1;
				DEVELOPMENT_ASSET_PATHS = "\"MusicIntervalQuizMaster/Preview Content\"";
				DEVELOPMENT_TEAM = 6S2SA26VAN;
				ENABLE_PREVIEWS = YES;
				GENERATE_INFOPLIST_FILE = YES;
				INFOPLIST_FILE = MusicIntervalQuizMaster/Info.plist;
				INFOPLIST_KEY_CFBundleDisplayName = "Interval Master";
				INFOPLIST_KEY_LSApplicationCategoryType = "public.app-category.music";
				INFOPLIST_KEY_UIApplicationSceneManifest_Generation = YES;
				INFOPLIST_KEY_UIApplicationSupportsIndirectInputEvents = YES;
				INFOPLIST_KEY_UILaunchScreen_Generation = YES;
				INFOPLIST_KEY_UIRequiresFullScreen = YES;
				INFOPLIST_KEY_UISupportedInterfaceOrientations = UIInterfaceOrientationPortrait;
				IPHONEOS_DEPLOYMENT_TARGET = 16.0;
				LD_RUNPATH_SEARCH_PATHS = (
					"$(inherited)",
					"@executable_path/Frameworks",
				);
				MARKETING_VERSION = 1.0.1;
				PRODUCT_BUNDLE_IDENTIFIER = com.bgsmm.IntervalQuizMaster;
				PRODUCT_NAME = "$(TARGET_NAME)";
				SUPPORTED_PLATFORMS = "iphoneos iphonesimulator";
				SUPPORTS_MACCATALYST = NO;
				SWIFT_EMIT_LOC_STRINGS = YES;
				SWIFT_VERSION = 5.0;
				TARGETED_DEVICE_FAMILY = 1;
			};
			name = Debug;
		};
		44C4CEFF2C8C47A90092C452 /* Release */ = {
			isa = XCBuildConfiguration;
			buildSettings = {
				ASSETCATALOG_COMPILER_APPICON_NAME = AppIcon;
				ASSETCATALOG_COMPILER_GLOBAL_ACCENT_COLOR_NAME = AccentColor;
				CODE_SIGN_ENTITLEMENTS = MusicIntervalQuizMaster/MusicIntervalQuizMaster.entitlements;
				CODE_SIGN_STYLE = Automatic;
				CURRENT_PROJECT_VERSION = 1;
				DEVELOPMENT_ASSET_PATHS = "\"MusicIntervalQuizMaster/Preview Content\"";
				DEVELOPMENT_TEAM = 6S2SA26VAN;
				ENABLE_PREVIEWS = YES;
				GENERATE_INFOPLIST_FILE = YES;
				INFOPLIST_FILE = MusicIntervalQuizMaster/Info.plist;
				INFOPLIST_KEY_CFBundleDisplayName = "Interval Master";
				INFOPLIST_KEY_LSApplicationCategoryType = "public.app-category.music";
				INFOPLIST_KEY_UIApplicationSceneManifest_Generation = YES;
				INFOPLIST_KEY_UIApplicationSupportsIndirectInputEvents = YES;
				INFOPLIST_KEY_UILaunchScreen_Generation = YES;
				INFOPLIST_KEY_UIRequiresFullScreen = YES;
				INFOPLIST_KEY_UISupportedInterfaceOrientations = UIInterfaceOrientationPortrait;
				IPHONEOS_DEPLOYMENT_TARGET = 16.0;
				LD_RUNPATH_SEARCH_PATHS = (
					"$(inherited)",
					"@executable_path/Frameworks",
				);
				MARKETING_VERSION = 1.0.1;
				PRODUCT_BUNDLE_IDENTIFIER = com.bgsmm.IntervalQuizMaster;
				PRODUCT_NAME = "$(TARGET_NAME)";
				SUPPORTED_PLATFORMS = "iphoneos iphonesimulator";
				SUPPORTS_MACCATALYST = NO;
				SWIFT_EMIT_LOC_STRINGS = YES;
				SWIFT_VERSION = 5.0;
				TARGETED_DEVICE_FAMILY = 1;
			};
			name = Release;
		};
		44D6F1FC2CEF73A400B91BBA /* Debug */ = {
			isa = XCBuildConfiguration;
			buildSettings = {
				BUNDLE_LOADER = "$(TEST_HOST)";
				CODE_SIGN_STYLE = Automatic;
				CURRENT_PROJECT_VERSION = 1;
				DEAD_CODE_STRIPPING = YES;
				DEVELOPMENT_TEAM = 6S2SA26VAN;
				GENERATE_INFOPLIST_FILE = YES;
				IPHONEOS_DEPLOYMENT_TARGET = 16.0;
				MACOSX_DEPLOYMENT_TARGET = 14.5;
				MARKETING_VERSION = 1.0;
				PRODUCT_BUNDLE_IDENTIFIER = com.bgsmm.MusicIntervalQuizMasterTests;
				PRODUCT_NAME = "$(TARGET_NAME)";
				SDKROOT = auto;
				SUPPORTED_PLATFORMS = "iphoneos iphonesimulator macosx";
				SWIFT_EMIT_LOC_STRINGS = NO;
				SWIFT_VERSION = 5.0;
				TARGETED_DEVICE_FAMILY = "1,2";
				TEST_HOST = "$(BUILT_PRODUCTS_DIR)/MusicIntervalQuizMaster.app/$(BUNDLE_EXECUTABLE_FOLDER_PATH)/MusicIntervalQuizMaster";
			};
			name = Debug;
		};
		44D6F1FD2CEF73A400B91BBA /* Release */ = {
			isa = XCBuildConfiguration;
			buildSettings = {
				BUNDLE_LOADER = "$(TEST_HOST)";
				CODE_SIGN_STYLE = Automatic;
				CURRENT_PROJECT_VERSION = 1;
				DEAD_CODE_STRIPPING = YES;
				DEVELOPMENT_TEAM = 6S2SA26VAN;
				GENERATE_INFOPLIST_FILE = YES;
				IPHONEOS_DEPLOYMENT_TARGET = 16.0;
				MACOSX_DEPLOYMENT_TARGET = 14.5;
				MARKETING_VERSION = 1.0;
				PRODUCT_BUNDLE_IDENTIFIER = com.bgsmm.MusicIntervalQuizMasterTests;
				PRODUCT_NAME = "$(TARGET_NAME)";
				SDKROOT = auto;
				SUPPORTED_PLATFORMS = "iphoneos iphonesimulator macosx";
				SWIFT_EMIT_LOC_STRINGS = NO;
				SWIFT_VERSION = 5.0;
				TARGETED_DEVICE_FAMILY = "1,2";
				TEST_HOST = "$(BUILT_PRODUCTS_DIR)/MusicIntervalQuizMaster.app/$(BUNDLE_EXECUTABLE_FOLDER_PATH)/MusicIntervalQuizMaster";
			};
			name = Release;
		};
/* End XCBuildConfiguration section */

/* Begin XCConfigurationList section */
		44C4CEEA2C8C47A80092C452 /* Build configuration list for PBXProject "MusicIntervalQuizMaster" */ = {
			isa = XCConfigurationList;
			buildConfigurations = (
				44C4CEFB2C8C47A90092C452 /* Debug */,
				44C4CEFC2C8C47A90092C452 /* Release */,
			);
			defaultConfigurationIsVisible = 0;
			defaultConfigurationName = Release;
		};
		44C4CEFD2C8C47A90092C452 /* Build configuration list for PBXNativeTarget "MusicIntervalQuizMaster" */ = {
			isa = XCConfigurationList;
			buildConfigurations = (
				44C4CEFE2C8C47A90092C452 /* Debug */,
				44C4CEFF2C8C47A90092C452 /* Release */,
			);
			defaultConfigurationIsVisible = 0;
			defaultConfigurationName = Release;
		};
		44D6F1FB2CEF73A400B91BBA /* Build configuration list for PBXNativeTarget "MusicIntervalQuizMasterTests" */ = {
			isa = XCConfigurationList;
			buildConfigurations = (
				44D6F1FC2CEF73A400B91BBA /* Debug */,
				44D6F1FD2CEF73A400B91BBA /* Release */,
			);
			defaultConfigurationIsVisible = 0;
			defaultConfigurationName = Release;
		};
/* End XCConfigurationList section */

/* Begin XCRemoteSwiftPackageReference section */
		44B4B8E72CEB9D7400D344B6 /* XCRemoteSwiftPackageReference "Tonic" */ = {
			isa = XCRemoteSwiftPackageReference;
			repositoryURL = "https://github.com/AudioKit/Tonic.git";
			requirement = {
				kind = upToNextMajorVersion;
				minimumVersion = 1.4.0;
			};
		};
/* End XCRemoteSwiftPackageReference section */

/* Begin XCSwiftPackageProductDependency section */
		44B4B8E82CEB9D7400D344B6 /* Tonic */ = {
			isa = XCSwiftPackageProductDependency;
			package = 44B4B8E72CEB9D7400D344B6 /* XCRemoteSwiftPackageReference "Tonic" */;
			productName = Tonic;
		};
/* End XCSwiftPackageProductDependency section */

/* Begin XCVersionGroup section */
		448A3D432CF8B12900D0D758 /* MusicIntervalQuizMaster.xcdatamodeld */ = {
			isa = XCVersionGroup;
			children = (
				448A3D442CF8B12900D0D758 /* MusicIntervalQuizMaster.xcdatamodel */,
			);
			currentVersion = 448A3D442CF8B12900D0D758 /* MusicIntervalQuizMaster.xcdatamodel */;
			name = MusicIntervalQuizMaster.xcdatamodeld;
			path = "/Users/yoonbumtae/Desktop/Xcode Project/MusicIntervalQuizMaster/MusicIntervalQuizMaster/MusicIntervalQuizMaster.xcdatamodeld";
			sourceTree = "<group>";
			versionGroupType = wrapper.xcdatamodel;
		};
/* End XCVersionGroup section */
	};
	rootObject = 44C4CEE72C8C47A80092C452 /* Project object */;
}
